# THIS IS AN AUTOGENERATED FILE. DO NOT EDIT THIS FILE DIRECTLY.
# yarn lockfile v1


"@ant-design/colors@^6.0.0":
  "integrity" "sha512-qAZRvPzfdWHtfameEGP2Qvuf838NhergR35o+EuVyB5XvSA98xod5r4utvi4TJ3ywmevm290g9nsCG5MryrdWQ=="
  "resolved" "https://registry.npmjs.org/@ant-design/colors/-/colors-6.0.0.tgz"
  "version" "6.0.0"
  dependencies:
    "@ctrl/tinycolor" "^3.4.0"

"@ant-design/icons-svg@^4.2.1":
  "integrity" "sha512-EB0iwlKDGpG93hW8f85CTJTs4SvMX7tt5ceupvhALp1IF44SeUFOMhKUOYqpsoYWQKAOuTRDMqn75rEaKDp0Xw=="
  "resolved" "https://registry.npmjs.org/@ant-design/icons-svg/-/icons-svg-4.2.1.tgz"
  "version" "4.2.1"

"@ant-design/icons@^4.7.0":
  "integrity" "sha512-aoB4Z7JA431rt6d4u+8xcNPPCrdufSRMUOpxa1ab6mz1JCQZOEVolj2WVs/tDFmN62zzK30mNelEsprLYsSF3g=="
  "resolved" "https://registry.npmjs.org/@ant-design/icons/-/icons-4.7.0.tgz"
  "version" "4.7.0"
  dependencies:
    "@ant-design/colors" "^6.0.0"
    "@ant-design/icons-svg" "^4.2.1"
    "@babel/runtime" "^7.11.2"
    "classnames" "^2.2.6"
    "rc-util" "^5.9.4"

"@ant-design/react-slick@~0.29.1":
  "integrity" "sha512-kgjtKmkGHa19FW21lHnAfyyH9AAoh35pBdcJ53rHmQ3O+cfFHGHnUbj/HFrRNJ5vIts09FKJVAD8RpaC+RaWfA=="
  "resolved" "https://registry.npmjs.org/@ant-design/react-slick/-/react-slick-0.29.2.tgz"
  "version" "0.29.2"
  dependencies:
    "@babel/runtime" "^7.10.4"
    "classnames" "^2.2.5"
    "json2mq" "^0.2.0"
    "lodash" "^4.17.21"
    "resize-observer-polyfill" "^1.5.1"

"@babel/runtime@^7.10.1", "@babel/runtime@^7.10.4", "@babel/runtime@^7.11.1", "@babel/runtime@^7.11.2", "@babel/runtime@^7.12.5", "@babel/runtime@^7.16.3", "@babel/runtime@^7.16.7", "@babel/runtime@^7.18.0", "@babel/runtime@^7.18.3", "@babel/runtime@^7.20.0":
  "integrity" "sha512-mrzLkl6U9YLF8qpqI7TB82PESyEGjm/0Ly91jG575eVxMMlb8fYfOXFZIJ8XfLrJZQbm7dlKry2bJmXBUEkdFg=="
  "resolved" "https://registry.npmjs.org/@babel/runtime/-/runtime-7.20.1.tgz"
  "version" "7.20.1"
  dependencies:
    "regenerator-runtime" "^0.13.10"

"@ctrl/tinycolor@^3.4.0":
  "integrity" "sha512-ej5oVy6lykXsvieQtqZxCOaLT+xD4+QNarq78cIYISHmZXshCvROLudpQN3lfL8G0NL7plMSSK+zlyvCaIJ4Iw=="
  "resolved" "https://registry.npmjs.org/@ctrl/tinycolor/-/tinycolor-3.4.1.tgz"
  "version" "3.4.1"

"@next/env@12.3.2":
  "integrity" "sha512-upwtMaHxlv/udAWGq0kE+rg8huwmcxQPsKZFhS1R5iVO323mvxEBe1YrSXe1awLbg9sTIuEHbgxjLLt7JbeuAQ=="
  "resolved" "https://registry.npmjs.org/@next/env/-/env-12.3.2.tgz"
  "version" "12.3.2"

"@next/swc-linux-x64-gnu@12.3.2":
  "integrity" "sha512-fCPkLuwDwY8/QeXxciJJjDHG09liZym/Bhb4A+RLFQ877wUkwFsNWDUTSdUx0YXlYK/1gf67BKauqKkOKp6CYw=="
  "resolved" "https://registry.npmjs.org/@next/swc-linux-x64-gnu/-/swc-linux-x64-gnu-12.3.2.tgz"
  "version" "12.3.2"

"@next/swc-linux-x64-musl@12.3.2":
  "integrity" "sha512-o+GifBIQ2K+/MEFxHsxUZoU3bsuVFLXZYWd3idimFHiVdDCVYiKsY6mYMmKDlucX+9xRyOCkKL9Tjf+3tuXJpw=="
  "resolved" "https://registry.npmjs.org/@next/swc-linux-x64-musl/-/swc-linux-x64-musl-12.3.2.tgz"
  "version" "12.3.2"

"@panva/hkdf@^1.0.1":
  "integrity" "sha512-MSAs9t3Go7GUkMhpKC44T58DJ5KGk2vBo+h1cqQeqlMfdGkxaVB78ZWpv9gYi/g2fa4sopag9gJsNvS8XGgWJA=="
  "resolved" "https://registry.npmjs.org/@panva/hkdf/-/hkdf-1.0.2.tgz"
  "version" "1.0.2"

"@rc-component/portal@^1.0.0-6", "@rc-component/portal@^1.0.0-8":
  "integrity" "sha512-aIxMEupUXhVARDSeRgiAuYA8K9VR1a6emLt9a2RpujMX5aRrtMES3rdMQOjBcD9eb64fzdCYt4/NrjmKk5r5vQ=="
  "resolved" "https://registry.npmjs.org/@rc-component/portal/-/portal-1.0.1.tgz"
  "version" "1.0.1"
  dependencies:
    "@babel/runtime" "^7.18.0"
    "classnames" "^2.3.2"
    "rc-util" "^5.16.0"

"@swc/helpers@0.4.11":
  "integrity" "sha512-rEUrBSGIoSFuYxwBYtlUFMlE2CwGhmW+w9355/5oduSw8e5h2+Tj4UrAGNNgP9915++wj5vkQo0UuOBqOAq4nw=="
  "resolved" "https://registry.npmjs.org/@swc/helpers/-/helpers-0.4.11.tgz"
  "version" "0.4.11"
  dependencies:
    "tslib" "^2.4.0"

"@types/node@18.0.3":
  "integrity" "sha512-HzNRZtp4eepNitP+BD6k2L6DROIDG4Q0fm4x+dwfsr6LGmROENnok75VGw40628xf+iR24WeMFcHuuBDUAzzsQ=="
  "resolved" "https://registry.npmjs.org/@types/node/-/node-18.0.3.tgz"
  "version" "18.0.3"

"@types/prop-types@*":
  "integrity" "sha512-JCB8C6SnDoQf0cNycqd/35A7MjcnK+ZTqE7judS6o7utxUCg6imJg3QK2qzHKszlTjcj2cn+NwMB2i96ubpj7w=="
  "resolved" "https://registry.npmjs.org/@types/prop-types/-/prop-types-15.7.5.tgz"
  "version" "15.7.5"

"@types/react-dom@18.0.6":
  "integrity" "sha512-/5OFZgfIPSwy+YuIBP/FgJnQnsxhZhjjrnxudMddeblOouIodEQ75X14Rr4wGSG/bknL+Omy9iWlLo1u/9GzAA=="
  "resolved" "https://registry.npmjs.org/@types/react-dom/-/react-dom-18.0.6.tgz"
  "version" "18.0.6"
  dependencies:
    "@types/react" "*"

"@types/react@*", "@types/react@18.0.15":
  "integrity" "sha512-iz3BtLuIYH1uWdsv6wXYdhozhqj20oD4/Hk2DNXIn1kFsmp9x8d9QB6FnPhfkbhd2PgEONt9Q1x/ebkwjfFLow=="
  "resolved" "https://registry.npmjs.org/@types/react/-/react-18.0.15.tgz"
  "version" "18.0.15"
  dependencies:
    "@types/prop-types" "*"
    "@types/scheduler" "*"
    "csstype" "^3.0.2"

"@types/scheduler@*":
  "integrity" "sha512-hppQEBDmlwhFAXKJX2KnWLYu5yMfi91yazPb2l+lbJiwW+wdo1gNeRA+3RgNSO39WYX2euey41KEwnqesU2Jew=="
  "resolved" "https://registry.npmjs.org/@types/scheduler/-/scheduler-0.16.2.tgz"
  "version" "0.16.2"

"antd@^4.24.0":
  "integrity" "sha512-ksk856MY359Gw7fMEPcOOKP7szvDHDNOaVd/uc5d4MK0qVX9LNjnmBGvp2BMUz20aAGalSrT5uVEhVdpxU9USA=="
  "resolved" "https://registry.npmjs.org/antd/-/antd-4.24.0.tgz"
  "version" "4.24.0"
  dependencies:
    "@ant-design/colors" "^6.0.0"
    "@ant-design/icons" "^4.7.0"
    "@ant-design/react-slick" "~0.29.1"
    "@babel/runtime" "^7.18.3"
    "@ctrl/tinycolor" "^3.4.0"
    "classnames" "^2.2.6"
    "copy-to-clipboard" "^3.2.0"
    "lodash" "^4.17.21"
    "moment" "^2.29.2"
    "rc-cascader" "~3.7.0"
    "rc-checkbox" "~2.3.0"
    "rc-collapse" "~3.4.2"
    "rc-dialog" "~9.0.2"
    "rc-drawer" "~6.0.0"
    "rc-dropdown" "~4.0.0"
    "rc-field-form" "~1.27.0"
    "rc-image" "~5.9.0"
    "rc-input" "~0.1.4"
    "rc-input-number" "~7.3.9"
    "rc-mentions" "~1.10.0"
    "rc-menu" "~9.6.3"
    "rc-motion" "^2.6.1"
    "rc-notification" "~4.6.0"
    "rc-pagination" "~3.1.17"
    "rc-picker" "~2.6.11"
    "rc-progress" "~3.4.1"
    "rc-rate" "~2.9.0"
    "rc-resize-observer" "^1.2.0"
    "rc-segmented" "~2.1.0"
    "rc-select" "~14.1.13"
    "rc-slider" "~10.0.0"
    "rc-steps" "~5.0.0-alpha.0"
    "rc-switch" "~3.2.0"
    "rc-table" "~7.26.0"
    "rc-tabs" "~12.2.0"
    "rc-textarea" "~0.4.5"
    "rc-tooltip" "~5.2.0"
    "rc-tree" "~5.7.0"
    "rc-tree-select" "~5.5.0"
    "rc-trigger" "^5.2.10"
    "rc-upload" "~4.3.0"
    "rc-util" "^5.22.5"
    "scroll-into-view-if-needed" "^2.2.25"

"appwrite@^10.1.0":
  "integrity" "sha512-kHtPqKf0X+mxmkS47G3F5vVY5wKMVRv7ZTpTvd9H3m1KBIm3aDAEBCEUt6bGQdE8XKgqLFzhqWFdQWkxX6I0xA=="
  "resolved" "https://registry.npmjs.org/appwrite/-/appwrite-10.1.0.tgz"
  "version" "10.1.0"
  dependencies:
    "cross-fetch" "3.1.5"
    "isomorphic-form-data" "2.0.0"

"array-tree-filter@^2.1.0":
  "integrity" "sha512-4ROwICNlNw/Hqa9v+rk5h22KjmzB1JGTMVKP2AKJBOCgb0yL0ASf0+YvCcLNNwquOHNX48jkeZIJ3a+oOQqKcw=="
  "resolved" "https://registry.npmjs.org/array-tree-filter/-/array-tree-filter-2.1.0.tgz"
  "version" "2.1.0"

"async-validator@^4.1.0":
  "integrity" "sha512-7HhHjtERjqlNbZtqNqy2rckN/SpOOlmDliet+lP7k+eKZEjPk3DgyeU9lIXLdeLz0uBbbVp+9Qdow9wJWgwwfg=="
  "resolved" "https://registry.npmjs.org/async-validator/-/async-validator-4.2.5.tgz"
  "version" "4.2.5"

"asynckit@^0.4.0":
  "integrity" "sha512-Oei9OH4tRh0YqU3GxhX79dM/mwVgvbZJaSNaRk+bshkj0S5cfHcgYakreBjrHwatXKbz+IoIdYLxrKim2MjW0Q=="
  "resolved" "https://registry.npmjs.org/asynckit/-/asynckit-0.4.0.tgz"
  "version" "0.4.0"

"caniuse-lite@^1.0.30001406":
  "integrity" "sha512-511ThLu1hF+5RRRt0zYCf2U2yRr9GPF6m5y90SBCWsvSoYoW7yAGlv/elyPaNfvGCkp6kj/KFZWU0BMA69Prsg=="
  "resolved" "https://registry.npmjs.org/caniuse-lite/-/caniuse-lite-1.0.30001429.tgz"
  "version" "1.0.30001429"

"chart.js@^3.9.1":
  "integrity" "sha512-Ro2JbLmvg83gXF5F4sniaQ+lTbSv18E+TIf2cOeiH1Iqd2PGFOtem+DUufMZsCJwFE7ywPOpfXFBwRTGq7dh6w=="
  "resolved" "https://registry.npmjs.org/chart.js/-/chart.js-3.9.1.tgz"
  "version" "3.9.1"

"classnames@^2.2.1", "classnames@^2.2.3", "classnames@^2.2.5", "classnames@^2.2.6", "classnames@^2.3.1", "classnames@^2.3.2", "classnames@2.x":
  "integrity" "sha512-CSbhY4cFEJRe6/GQzIk5qXZ4Jeg5pcsP7b5peFSDpffpe1cqjASH/n9UTjBwOp6XpMSTwQ8Za2K5V02ueA7Tmw=="
  "resolved" "https://registry.npmjs.org/classnames/-/classnames-2.3.2.tgz"
  "version" "2.3.2"

"combined-stream@^1.0.6":
  "integrity" "sha512-FQN4MRfuJeHf7cBbBMJFXhKSDq+2kAArBlmRBvcvFE5BB1HZKXtSFASDhdlz9zOYwxh8lDdnvmMOe/+5cdoEdg=="
  "resolved" "https://registry.npmjs.org/combined-stream/-/combined-stream-1.0.8.tgz"
  "version" "1.0.8"
  dependencies:
    "delayed-stream" "~1.0.0"

"compute-scroll-into-view@^1.0.17":
  "integrity" "sha512-j4dx+Fb0URmzbwwMUrhqWM2BEWHdFGx+qZ9qqASHRPqvTYdqvWnHg0H1hIbcyLnvgnoNAVMlwkepyqM3DaIFUg=="
  "resolved" "https://registry.npmjs.org/compute-scroll-into-view/-/compute-scroll-into-view-1.0.17.tgz"
  "version" "1.0.17"

"cookie@^0.5.0":
  "integrity" "sha512-YZ3GUyn/o8gfKJlnlX7g7xq4gyO6OSuhGPKaaGssGB2qgDUS0gPgtTvoyZLTt9Ab6dC4hfc9dV5arkvc/OCmrw=="
  "resolved" "https://registry.npmjs.org/cookie/-/cookie-0.5.0.tgz"
  "version" "0.5.0"

"copy-to-clipboard@^3.2.0":
  "integrity" "sha512-Vme1Z6RUDzrb6xAI7EZlVZ5uvOk2F//GaxKUxajDqm9LhOVM1inxNAD2vy+UZDYsd0uyA9s7b3/FVZPSxqrCfg=="
  "resolved" "https://registry.npmjs.org/copy-to-clipboard/-/copy-to-clipboard-3.3.2.tgz"
  "version" "3.3.2"
  dependencies:
    "toggle-selection" "^1.0.6"

"cross-fetch@3.1.5":
  "integrity" "sha512-lvb1SBsI0Z7GDwmuid+mU3kWVBwTVUbe7S0H52yaaAdQOXq2YktTCZdlAcNKFzE6QtRz0snpw9bNiPeOIkkQvw=="
  "resolved" "https://registry.npmjs.org/cross-fetch/-/cross-fetch-3.1.5.tgz"
  "version" "3.1.5"
  dependencies:
    "node-fetch" "2.6.7"

"csstype@^3.0.2":
  "integrity" "sha512-DJR/VvkAvSZW9bTouZue2sSxDwdTN92uHjqeKVm+0dAqdfNykRzQ95tay8aXMBAAPpUiq4Qcug2L7neoRh2Egw=="
  "resolved" "https://registry.npmjs.org/csstype/-/csstype-3.1.1.tgz"
  "version" "3.1.1"

"date-fns@2.x":
  "integrity" "sha512-dDCnyH2WnnKusqvZZ6+jA1O51Ibt8ZMRNkDZdyAyK4YfbDwa/cEmuztzG5pk6hqlp9aSBPYcjOlktquahGwGeA=="
  "resolved" "https://registry.npmjs.org/date-fns/-/date-fns-2.29.3.tgz"
  "version" "2.29.3"

"dayjs@1.x":
  "integrity" "sha512-zZbY5giJAinCG+7AGaw0wIhNZ6J8AhWuSXKvuc1KAyMiRsvGQWqh4L+MomvhdAYjN+lqvVCMq1I41e3YHvXkyQ=="
  "resolved" "https://registry.npmjs.org/dayjs/-/dayjs-1.11.6.tgz"
  "version" "1.11.6"

"delayed-stream@~1.0.0":
  "integrity" "sha512-ZySD7Nf91aLB0RxL4KGrKHBXl7Eds1DAmEdcoVawXnLD7SDhpNgtuII2aAkg7a7QS41jxPSZ17p4VdGnMHk3MQ=="
  "resolved" "https://registry.npmjs.org/delayed-stream/-/delayed-stream-1.0.0.tgz"
  "version" "1.0.0"

"dom-align@^1.7.0":
  "integrity" "sha512-Gj9hZN3a07cbR6zviMUBOMPdWxYhbMI+x+WS0NAIu2zFZmbK8ys9R79g+iG9qLnlCwpFoaB+fKy8Pdv470GsPA=="
  "resolved" "https://registry.npmjs.org/dom-align/-/dom-align-1.12.3.tgz"
  "version" "1.12.3"

"form-data@^2.3.2":
  "integrity" "sha512-m21N3WOmEEURgk6B9GLOE4RuWOFf28Lhh9qGYeNlGq4VDXUlJy2th2slBNU8Gp8EzloYZOibZJ7t5ecIrFSjVA=="
  "resolved" "https://registry.npmjs.org/form-data/-/form-data-2.5.1.tgz"
  "version" "2.5.1"
  dependencies:
    "asynckit" "^0.4.0"
    "combined-stream" "^1.0.6"
    "mime-types" "^2.1.12"

"isomorphic-form-data@2.0.0":
  "integrity" "sha512-TYgVnXWeESVmQSg4GLVbalmQ+B4NPi/H4eWxqALKj63KsUrcu301YDjBqaOw3h+cbak7Na4Xyps3BiptHtxTfg=="
  "resolved" "https://registry.npmjs.org/isomorphic-form-data/-/isomorphic-form-data-2.0.0.tgz"
  "version" "2.0.0"
  dependencies:
    "form-data" "^2.3.2"

"jose@^4.10.0", "jose@^4.9.3":
  "integrity" "sha512-eBH77Xs9Yc/oTDvukhAEDVMijhekPuNktXJL4tUlB22jqKP1k48v5nmsUmc8feoJPsxB3HsfEt2LbVSoz+1mng=="
  "resolved" "https://registry.npmjs.org/jose/-/jose-4.10.4.tgz"
  "version" "4.10.4"

"js-tokens@^3.0.0 || ^4.0.0":
  "integrity" "sha512-RdJUflcE3cUzKiMqQgsCu06FPu9UdIJO0beYbPhHN4k6apgJtifcoCtT9bcxOpYBtpD2kCM6Sbzg4CausW/PKQ=="
  "resolved" "https://registry.npmjs.org/js-tokens/-/js-tokens-4.0.0.tgz"
  "version" "4.0.0"

"json2mq@^0.2.0":
  "integrity" "sha512-SzoRg7ux5DWTII9J2qkrZrqV1gt+rTaoufMxEzXbS26Uid0NwaJd123HcoB80TgubEppxxIGdNxCx50fEoEWQA=="
  "resolved" "https://registry.npmjs.org/json2mq/-/json2mq-0.2.0.tgz"
  "version" "0.2.0"
  dependencies:
    "string-convert" "^0.2.0"

"lodash@^4.17.21":
  "integrity" "sha512-v2kDEe57lecTulaDIuNTPy3Ry4gLGJ6Z1O3vE1krgXZNrsQ+LFTGHVxVjcXPs17LhbZVGedAJv8XZ1tvj5FvSg=="
  "resolved" "https://registry.npmjs.org/lodash/-/lodash-4.17.21.tgz"
  "version" "4.17.21"

"loose-envify@^1.1.0":
  "integrity" "sha512-lyuxPGr/Wfhrlem2CL/UcnUc1zcqKAImBDzukY7Y5F/yQiNdko6+fRLevlw1HgMySw7f611UIY408EtxRSoK3Q=="
  "resolved" "https://registry.npmjs.org/loose-envify/-/loose-envify-1.4.0.tgz"
  "version" "1.4.0"
  dependencies:
    "js-tokens" "^3.0.0 || ^4.0.0"

"lru-cache@^6.0.0":
  "integrity" "sha512-Jo6dJ04CmSjuznwJSS3pUeWmd/H0ffTlkXXgwZi+eq1UCmqQwCh+eLsYOYCwY991i2Fah4h1BEMCx4qThGbsiA=="
  "resolved" "https://registry.npmjs.org/lru-cache/-/lru-cache-6.0.0.tgz"
  "version" "6.0.0"
  dependencies:
    "yallist" "^4.0.0"

"mime-db@1.52.0":
  "integrity" "sha512-sPU4uV7dYlvtWJxwwxHD0PuihVNiE7TyAbQ5SWxDCB9mUYvOgroQOwYQQOKPJ8CIbE+1ETVlOoK1UC2nU3gYvg=="
  "resolved" "https://registry.npmjs.org/mime-db/-/mime-db-1.52.0.tgz"
  "version" "1.52.0"

"mime-types@^2.1.12":
  "integrity" "sha512-ZDY+bPm5zTTF+YpCrAU9nK0UgICYPT0QtT1NZWFv4s++TNkcgVaT0g6+4R2uI4MjQjzysHB1zxuWL50hzaeXiw=="
  "resolved" "https://registry.npmjs.org/mime-types/-/mime-types-2.1.35.tgz"
  "version" "2.1.35"
  dependencies:
    "mime-db" "1.52.0"

"moment@^2.24.0", "moment@^2.29.2":
  "integrity" "sha512-5LC9SOxjSc2HF6vO2CyuTDNivEdoz2IvyJJGj6X8DJ0eFyfszE0QiEd+iXmBvUP3WHxSjFH/vIsA0EN00cgr8w=="
  "resolved" "https://registry.npmjs.org/moment/-/moment-2.29.4.tgz"
  "version" "2.29.4"

"nanoid@^3.3.4":
  "integrity" "sha512-MqBkQh/OHTS2egovRtLk45wEyNXwF+cokD+1YPf9u5VfJiRdAiRwB2froX5Co9Rh20xs4siNPm8naNotSD6RBw=="
  "resolved" "https://registry.npmjs.org/nanoid/-/nanoid-3.3.4.tgz"
  "version" "3.3.4"

"next-auth@^4.15.0":
  "integrity" "sha512-IasNzGLM2VlmyioDdZaRwBBBm8b5xo+zbbqVWHFh0bY6iQUZ3vuudrsdHNdxkXV3LSHdKNaoWEpYr4BydB7mCw=="
  "resolved" "https://registry.npmjs.org/next-auth/-/next-auth-4.15.0.tgz"
  "version" "4.15.0"
  dependencies:
    "@babel/runtime" "^7.16.3"
    "@panva/hkdf" "^1.0.1"
    "cookie" "^0.5.0"
    "jose" "^4.9.3"
    "oauth" "^0.9.15"
    "openid-client" "^5.1.0"
    "preact" "^10.6.3"
    "preact-render-to-string" "^5.1.19"
    "uuid" "^8.3.2"

"next@^12.2.5", "next@latest":
  "integrity" "sha512-orzvvebCwOqaz1eA5ZA0R5dbKxqtJyw7yeig7kDspu6p8OrplfyelzpvMHcDTKscv/l0nn/0l0v3mSsE8w4k7A=="
  "resolved" "https://registry.npmjs.org/next/-/next-12.3.2.tgz"
  "version" "12.3.2"
  dependencies:
    "@next/env" "12.3.2"
    "@swc/helpers" "0.4.11"
    "caniuse-lite" "^1.0.30001406"
    "postcss" "8.4.14"
    "styled-jsx" "5.0.7"
    "use-sync-external-store" "1.2.0"
  optionalDependencies:
    "@next/swc-android-arm-eabi" "12.3.2"
    "@next/swc-android-arm64" "12.3.2"
    "@next/swc-darwin-arm64" "12.3.2"
    "@next/swc-darwin-x64" "12.3.2"
    "@next/swc-freebsd-x64" "12.3.2"
    "@next/swc-linux-arm-gnueabihf" "12.3.2"
    "@next/swc-linux-arm64-gnu" "12.3.2"
    "@next/swc-linux-arm64-musl" "12.3.2"
    "@next/swc-linux-x64-gnu" "12.3.2"
    "@next/swc-linux-x64-musl" "12.3.2"
    "@next/swc-win32-arm64-msvc" "12.3.2"
    "@next/swc-win32-ia32-msvc" "12.3.2"
    "@next/swc-win32-x64-msvc" "12.3.2"

"node-fetch@2.6.7":
  "integrity" "sha512-ZjMPFEfVx5j+y2yF35Kzx5sF7kDzxuDj6ziH4FFbOp87zKDZNx8yExJIb05OGF4Nlt9IHFIMBkRl41VdvcNdbQ=="
  "resolved" "https://registry.npmjs.org/node-fetch/-/node-fetch-2.6.7.tgz"
  "version" "2.6.7"
  dependencies:
    "whatwg-url" "^5.0.0"

"oauth@^0.9.15":
  "integrity" "sha512-a5ERWK1kh38ExDEfoO6qUHJb32rd7aYmPHuyCu3Fta/cnICvYmgd2uhuKXvPD+PXB+gCEYYEaQdIRAjCOwAKNA=="
  "resolved" "https://registry.npmjs.org/oauth/-/oauth-0.9.15.tgz"
  "version" "0.9.15"

"object-hash@^2.0.1":
  "integrity" "sha512-gScRMn0bS5fH+IuwyIFgnh9zBdo4DV+6GhygmWM9HyNJSgS0hScp1f5vjtm7oIIOiT9trXrShAkLFSc2IqKNgw=="
  "resolved" "https://registry.npmjs.org/object-hash/-/object-hash-2.2.0.tgz"
  "version" "2.2.0"

"oidc-token-hash@^5.0.1":
  "integrity" "sha512-EvoOtz6FIEBzE+9q253HsLCVRiK/0doEJ2HCvvqMQb3dHZrP3WlJKYtJ55CRTw4jmYomzH4wkPuCj/I3ZvpKxQ=="
  "resolved" "https://registry.npmjs.org/oidc-token-hash/-/oidc-token-hash-5.0.1.tgz"
  "version" "5.0.1"

"openid-client@^5.1.0":
  "integrity" "sha512-KPxqWnxobG/70Cxqyvd43RWfCfHedFnCdHSBpw5f7WnTnuBAeBnvot/BIo+brrcTr0wyAYUlL/qejQSGwWtdIg=="
  "resolved" "https://registry.npmjs.org/openid-client/-/openid-client-5.2.1.tgz"
  "version" "5.2.1"
  dependencies:
    "jose" "^4.10.0"
    "lru-cache" "^6.0.0"
    "object-hash" "^2.0.1"
    "oidc-token-hash" "^5.0.1"

"picocolors@^1.0.0":
  "integrity" "sha512-1fygroTLlHu66zi26VoTDv8yRgm0Fccecssto+MhsZ0D/DGW2sm8E8AjW7NU5VVTRt5GxbeZ5qBuJr+HyLYkjQ=="
  "resolved" "https://registry.npmjs.org/picocolors/-/picocolors-1.0.0.tgz"
  "version" "1.0.0"

"postcss@8.4.14":
  "integrity" "sha512-E398TUmfAYFPBSdzgeieK2Y1+1cpdxJx8yXbK/m57nRhKSmk1GB2tO4lbLBtlkfPQTDKfe4Xqv1ASWPpayPEig=="
  "resolved" "https://registry.npmjs.org/postcss/-/postcss-8.4.14.tgz"
  "version" "8.4.14"
  dependencies:
    "nanoid" "^3.3.4"
    "picocolors" "^1.0.0"
    "source-map-js" "^1.0.2"

"preact-render-to-string@^5.1.19":
  "integrity" "sha512-JyhErpYOvBV1hEPwIxc/fHWXPfnEGdRKxc8gFdAZ7XV4tlzyzG847XAyEZqoDnynP88akM4eaHcSOzNcLWFguw=="
  "resolved" "https://registry.npmjs.org/preact-render-to-string/-/preact-render-to-string-5.2.6.tgz"
  "version" "5.2.6"
  dependencies:
    "pretty-format" "^3.8.0"

"preact@^10.6.3", "preact@>=10":
  "integrity" "sha512-skAwGDFmgxhq1DCBHke/9e12ewkhc7WYwjuhHB8HHS8zkdtITXLRmUMTeol2ldxvLwYtwbFeifZ9uDDWuyL4Iw=="
  "resolved" "https://registry.npmjs.org/preact/-/preact-10.11.2.tgz"
  "version" "10.11.2"

"pretty-format@^3.8.0":
  "integrity" "sha512-WuxUnVtlWL1OfZFQFuqvnvs6MiAGk9UNsBostyBOB0Is9wb5uRESevA6rnl/rkksXaGX3GzZhPup5d6Vp1nFew=="
  "resolved" "https://registry.npmjs.org/pretty-format/-/pretty-format-3.8.0.tgz"
  "version" "3.8.0"

"rc-align@^4.0.0":
  "integrity" "sha512-3DuwSJp8iC/dgHzwreOQl52soj40LchlfUHtgACOUtwGuoFIOVh6n/sCpfqCU8kO5+iz6qR0YKvjgB8iPdE3aQ=="
  "resolved" "https://registry.npmjs.org/rc-align/-/rc-align-4.0.12.tgz"
  "version" "4.0.12"
  dependencies:
    "@babel/runtime" "^7.10.1"
    "classnames" "2.x"
    "dom-align" "^1.7.0"
    "lodash" "^4.17.21"
    "rc-util" "^5.3.0"
    "resize-observer-polyfill" "^1.5.1"

"rc-cascader@~3.7.0":
  "integrity" "sha512-SFtGpwmYN7RaWEAGTS4Rkc62ZV/qmQGg/tajr/7mfIkleuu8ro9Hlk6J+aA0x1YS4zlaZBtTcSaXM01QMiEV/A=="
  "resolved" "https://registry.npmjs.org/rc-cascader/-/rc-cascader-3.7.0.tgz"
  "version" "3.7.0"
  dependencies:
    "@babel/runtime" "^7.12.5"
    "array-tree-filter" "^2.1.0"
    "classnames" "^2.3.1"
    "rc-select" "~14.1.0"
    "rc-tree" "~5.7.0"
    "rc-util" "^5.6.1"

"rc-checkbox@~2.3.0":
  "integrity" "sha512-afVi1FYiGv1U0JlpNH/UaEXdh6WUJjcWokj/nUN2TgG80bfG+MDdbfHKlLcNNba94mbjy2/SXJ1HDgrOkXGAjg=="
  "resolved" "https://registry.npmjs.org/rc-checkbox/-/rc-checkbox-2.3.2.tgz"
  "version" "2.3.2"
  dependencies:
    "@babel/runtime" "^7.10.1"
    "classnames" "^2.2.1"

"rc-collapse@~3.4.2":
  "integrity" "sha512-jpTwLgJzkhAgp2Wpi3xmbTbbYExg6fkptL67Uu5LCRVEj6wqmy0DHTjjeynsjOLsppHGHu41t1ELntZ0lEvS/Q=="
  "resolved" "https://registry.npmjs.org/rc-collapse/-/rc-collapse-3.4.2.tgz"
  "version" "3.4.2"
  dependencies:
    "@babel/runtime" "^7.10.1"
    "classnames" "2.x"
    "rc-motion" "^2.3.4"
    "rc-util" "^5.2.1"
    "shallowequal" "^1.1.0"

"rc-dialog@~9.0.0", "rc-dialog@~9.0.2":
  "integrity" "sha512-s3U+24xWUuB6Bn2Lk/Qt6rufy+uT+QvWkiFhNBcO9APLxcFFczWamaq7x9h8SCuhfc1nHcW4y8NbMsnAjNnWyg=="
  "resolved" "https://registry.npmjs.org/rc-dialog/-/rc-dialog-9.0.2.tgz"
  "version" "9.0.2"
  dependencies:
    "@babel/runtime" "^7.10.1"
    "@rc-component/portal" "^1.0.0-8"
    "classnames" "^2.2.6"
    "rc-motion" "^2.3.0"
    "rc-util" "^5.21.0"

"rc-drawer@~6.0.0":
  "integrity" "sha512-4k/g1q+yfATY9fgPB7ec+OTj51NF3BW/HzESkGtZNQZurMJr/uAHe0T4nsQ5Xd1ESR0MlS6lbQn4iB+L4sZFOg=="
  "resolved" "https://registry.npmjs.org/rc-drawer/-/rc-drawer-6.0.0.tgz"
  "version" "6.0.0"
  dependencies:
    "@babel/runtime" "^7.10.1"
    "@rc-component/portal" "^1.0.0-6"
    "classnames" "^2.2.6"
    "rc-motion" "^2.6.1"
    "rc-util" "^5.21.2"

"rc-dropdown@~4.0.0":
  "integrity" "sha512-OdpXuOcme1rm45cR0Jzgfl1otzmU4vuBVb+etXM8vcaULGokAKVpKlw8p6xzspG7jGd/XxShvq+N3VNEfk/l5g=="
  "resolved" "https://registry.npmjs.org/rc-dropdown/-/rc-dropdown-4.0.1.tgz"
  "version" "4.0.1"
  dependencies:
    "@babel/runtime" "^7.18.3"
    "classnames" "^2.2.6"
    "rc-trigger" "^5.3.1"
    "rc-util" "^5.17.0"

"rc-field-form@~1.27.0":
  "integrity" "sha512-HGqxHnmGQgkPApEcikV4qTg3BLPC82uB/cwBDftDt1pYaqitJfSl5TFTTUMKVEJVT5RqJ2Zi68ME1HmIMX2HAw=="
  "resolved" "https://registry.npmjs.org/rc-field-form/-/rc-field-form-1.27.3.tgz"
  "version" "1.27.3"
  dependencies:
    "@babel/runtime" "^7.18.0"
    "async-validator" "^4.1.0"
    "rc-util" "^5.8.0"

"rc-image@~5.9.0":
  "integrity" "sha512-qyHXhIc7eotsX8HLm0bRaSO5J4Lb2wE/FafFQMJ+SnMtRQy1uKjEwOJ8UADHyyyfikd4WtT4fghN6JxiVCYslA=="
  "resolved" "https://registry.npmjs.org/rc-image/-/rc-image-5.9.0.tgz"
  "version" "5.9.0"
  dependencies:
    "@babel/runtime" "^7.11.2"
    "classnames" "^2.2.6"
    "rc-dialog" "~9.0.0"
    "rc-util" "^5.0.6"

"rc-input-number@~7.3.9":
  "integrity" "sha512-u0+miS+SATdb6DtssYei2JJ1WuZME+nXaG6XGtR8maNyW5uGDytfDu60OTWLQEb0Anv/AcCzehldV8CKmKyQfA=="
  "resolved" "https://registry.npmjs.org/rc-input-number/-/rc-input-number-7.3.9.tgz"
  "version" "7.3.9"
  dependencies:
    "@babel/runtime" "^7.10.1"
    "classnames" "^2.2.5"
    "rc-util" "^5.23.0"

"rc-input@~0.1.4":
  "integrity" "sha512-FqDdNz+fV2dKNgfXzcSLKvC+jEs1709t7nD+WdfjrdSaOcefpgc7BUJYadc3usaING+b7ediMTfKxuJBsEFbXA=="
  "resolved" "https://registry.npmjs.org/rc-input/-/rc-input-0.1.4.tgz"
  "version" "0.1.4"
  dependencies:
    "@babel/runtime" "^7.11.1"
    "classnames" "^2.2.1"
    "rc-util" "^5.18.1"

"rc-mentions@~1.10.0":
  "integrity" "sha512-oMlYWnwXSxP2NQVlgxOTzuG/u9BUc3ySY78K3/t7MNhJWpZzXTao+/Bic6tyZLuNCO89//hVQJBdaR2rnFQl6Q=="
  "resolved" "https://registry.npmjs.org/rc-mentions/-/rc-mentions-1.10.0.tgz"
  "version" "1.10.0"
  dependencies:
    "@babel/runtime" "^7.10.1"
    "classnames" "^2.2.6"
    "rc-menu" "~9.6.0"
    "rc-textarea" "^0.4.0"
    "rc-trigger" "^5.0.4"
    "rc-util" "^5.22.5"

"rc-menu@~9.6.0", "rc-menu@~9.6.3":
  "integrity" "sha512-6DiNAjxjVIPLZXHffXxxcyE15d4isRL7iQ1ru4MqYDH2Cqc5bW96wZOdMydFtGLyDdnmEQ9jVvdCE9yliGvzkw=="
  "resolved" "https://registry.npmjs.org/rc-menu/-/rc-menu-9.6.4.tgz"
  "version" "9.6.4"
  dependencies:
    "@babel/runtime" "^7.10.1"
    "classnames" "2.x"
    "rc-motion" "^2.4.3"
    "rc-overflow" "^1.2.0"
    "rc-trigger" "^5.1.2"
    "rc-util" "^5.12.0"
    "shallowequal" "^1.1.0"

"rc-motion@^2.0.0", "rc-motion@^2.0.1", "rc-motion@^2.2.0", "rc-motion@^2.3.0", "rc-motion@^2.3.4", "rc-motion@^2.4.3", "rc-motion@^2.4.4", "rc-motion@^2.6.1", "rc-motion@^2.6.2":
  "integrity" "sha512-4w1FaX3dtV749P8GwfS4fYnFG4Rb9pxvCYPc/b2fw1cmlHJWNNgOFIz7ysiD+eOrzJSvnLJWlNQQncpNMXwwpg=="
  "resolved" "https://registry.npmjs.org/rc-motion/-/rc-motion-2.6.2.tgz"
  "version" "2.6.2"
  dependencies:
    "@babel/runtime" "^7.11.1"
    "classnames" "^2.2.1"
    "rc-util" "^5.21.0"

"rc-notification@~4.6.0":
  "integrity" "sha512-NSmFYwrrdY3+un1GvDAJQw62Xi9LNMSsoQyo95tuaYrcad5Bn9gJUL8AREufRxSQAQnr64u3LtP3EUyLYT6bhw=="
  "resolved" "https://registry.npmjs.org/rc-notification/-/rc-notification-4.6.1.tgz"
  "version" "4.6.1"
  dependencies:
    "@babel/runtime" "^7.10.1"
    "classnames" "2.x"
    "rc-motion" "^2.2.0"
    "rc-util" "^5.20.1"

"rc-overflow@^1.0.0", "rc-overflow@^1.2.0":
  "integrity" "sha512-QJ0UItckWPQ37ZL1dMEBAdY1dhfTXFL9k6oTTcyydVwoUNMnMqCGqnRNA98axSr/OeDKqR6DVFyi8eA5RQI/uQ=="
  "resolved" "https://registry.npmjs.org/rc-overflow/-/rc-overflow-1.2.8.tgz"
  "version" "1.2.8"
  dependencies:
    "@babel/runtime" "^7.11.1"
    "classnames" "^2.2.1"
    "rc-resize-observer" "^1.0.0"
    "rc-util" "^5.19.2"

"rc-pagination@~3.1.17":
  "integrity" "sha512-/BQ5UxcBnW28vFAcP2hfh+Xg15W0QZn8TWYwdCApchMH1H0CxiaUUcULP8uXcFM1TygcdKWdt3JqsL9cTAfdkQ=="
  "resolved" "https://registry.npmjs.org/rc-pagination/-/rc-pagination-3.1.17.tgz"
  "version" "3.1.17"
  dependencies:
    "@babel/runtime" "^7.10.1"
    "classnames" "^2.2.1"

"rc-picker@~2.6.11":
  "integrity" "sha512-INJ7ULu+Kj4UgqbcqE8Q+QpMw55xFf9kkyLBHJFk0ihjJpAV4glialRfqHE7k4KX2BWYPQfpILwhwR14x2EiRQ=="
  "resolved" "https://registry.npmjs.org/rc-picker/-/rc-picker-2.6.11.tgz"
  "version" "2.6.11"
  dependencies:
    "@babel/runtime" "^7.10.1"
    "classnames" "^2.2.1"
    "date-fns" "2.x"
    "dayjs" "1.x"
    "moment" "^2.24.0"
    "rc-trigger" "^5.0.4"
    "rc-util" "^5.4.0"
    "shallowequal" "^1.1.0"

"rc-progress@~3.4.1":
  "integrity" "sha512-eAFDHXlk8aWpoXl0llrenPMt9qKHQXphxcVsnKs0FHC6eCSk1ebJtyaVjJUzKe0233ogiLDeEFK1Uihz3s67hw=="
  "resolved" "https://registry.npmjs.org/rc-progress/-/rc-progress-3.4.1.tgz"
  "version" "3.4.1"
  dependencies:
    "@babel/runtime" "^7.10.1"
    "classnames" "^2.2.6"
    "rc-util" "^5.16.1"

"rc-rate@~2.9.0":
  "integrity" "sha512-SaiZFyN8pe0Fgphv8t3+kidlej+cq/EALkAJAc3A0w0XcPaH2L1aggM8bhe1u6GAGuQNAoFvTLjw4qLPGRKV5g=="
  "resolved" "https://registry.npmjs.org/rc-rate/-/rc-rate-2.9.2.tgz"
  "version" "2.9.2"
  dependencies:
    "@babel/runtime" "^7.10.1"
    "classnames" "^2.2.5"
    "rc-util" "^5.0.1"

"rc-resize-observer@^1.0.0", "rc-resize-observer@^1.1.0", "rc-resize-observer@^1.2.0":
  "integrity" "sha512-6W+UzT3PyDM0wVCEHfoW3qTHPTvbdSgiA43buiy8PzmeMnfgnDeb9NjdimMXMl3/TcrvvWl5RRVdp+NqcR47pQ=="
  "resolved" "https://registry.npmjs.org/rc-resize-observer/-/rc-resize-observer-1.2.0.tgz"
  "version" "1.2.0"
  dependencies:
    "@babel/runtime" "^7.10.1"
    "classnames" "^2.2.1"
    "rc-util" "^5.15.0"
    "resize-observer-polyfill" "^1.5.1"

"rc-segmented@~2.1.0":
  "integrity" "sha512-hUlonro+pYoZcwrH6Vm56B2ftLfQh046hrwif/VwLIw1j3zGt52p5mREBwmeVzXnSwgnagpOpfafspzs1asjGw=="
  "resolved" "https://registry.npmjs.org/rc-segmented/-/rc-segmented-2.1.0.tgz"
  "version" "2.1.0"
  dependencies:
    "@babel/runtime" "^7.11.1"
    "classnames" "^2.2.1"
    "rc-motion" "^2.4.4"
    "rc-util" "^5.17.0"

"rc-select@~14.1.0", "rc-select@~14.1.13":
  "integrity" "sha512-WMEsC3gTwA1dbzWOdVIXDmWyidYNLq68AwvvUlRROw790uGUly0/vmqDozXrIr0QvN/A3CEULx12o+WtLCAefg=="
  "resolved" "https://registry.npmjs.org/rc-select/-/rc-select-14.1.13.tgz"
  "version" "14.1.13"
  dependencies:
    "@babel/runtime" "^7.10.1"
    "classnames" "2.x"
    "rc-motion" "^2.0.1"
    "rc-overflow" "^1.0.0"
    "rc-trigger" "^5.0.4"
    "rc-util" "^5.16.1"
    "rc-virtual-list" "^3.2.0"

"rc-slider@~10.0.0":
  "integrity" "sha512-igTKF3zBet7oS/3yNiIlmU8KnZ45npmrmHlUUio8PNbIhzMcsh+oE/r2UD42Y6YD2D/s+kzCQkzQrPD6RY435Q=="
  "resolved" "https://registry.npmjs.org/rc-slider/-/rc-slider-10.0.1.tgz"
  "version" "10.0.1"
  dependencies:
    "@babel/runtime" "^7.10.1"
    "classnames" "^2.2.5"
    "rc-util" "^5.18.1"
    "shallowequal" "^1.1.0"

"rc-steps@~5.0.0-alpha.0":
  "integrity" "sha512-9TgRvnVYirdhbV0C3syJFj9EhCRqoJAsxt4i1rED5o8/ZcSv5TLIYyo4H8MCjLPvbe2R+oBAm/IYBEtC+OS1Rw=="
  "resolved" "https://registry.npmjs.org/rc-steps/-/rc-steps-5.0.0.tgz"
  "version" "5.0.0"
  dependencies:
    "@babel/runtime" "^7.16.7"
    "classnames" "^2.2.3"
    "rc-util" "^5.16.1"

"rc-switch@~3.2.0":
  "integrity" "sha512-+gUJClsZZzvAHGy1vZfnwySxj+MjLlGRyXKXScrtCTcmiYNPzxDFOxdQ/3pK1Kt/0POvwJ/6ALOR8gwdXGhs+A=="
  "resolved" "https://registry.npmjs.org/rc-switch/-/rc-switch-3.2.2.tgz"
  "version" "3.2.2"
  dependencies:
    "@babel/runtime" "^7.10.1"
    "classnames" "^2.2.1"
    "rc-util" "^5.0.1"

"rc-table@~7.26.0":
  "integrity" "sha512-0cD8e6S+DTGAt5nBZQIPFYEaIukn17sfa5uFL98faHlH/whZzD8ii3dbFL4wmUDEL4BLybhYop+QUfZJ4CPvNQ=="
  "resolved" "https://registry.npmjs.org/rc-table/-/rc-table-7.26.0.tgz"
  "version" "7.26.0"
  dependencies:
    "@babel/runtime" "^7.10.1"
    "classnames" "^2.2.5"
    "rc-resize-observer" "^1.1.0"
    "rc-util" "^5.22.5"
    "shallowequal" "^1.1.0"

"rc-tabs@~12.2.0":
  "integrity" "sha512-Q26L64pjTiiARL+T59Pi9d4lZsUV2mhC8NQEpVK1a8dxXS9KQPY58tNtlx++o6qHRnZVo/sx22v9BqtM9ZKh7g=="
  "resolved" "https://registry.npmjs.org/rc-tabs/-/rc-tabs-12.2.2.tgz"
  "version" "12.2.2"
  dependencies:
    "@babel/runtime" "^7.11.2"
    "classnames" "2.x"
    "rc-dropdown" "~4.0.0"
    "rc-menu" "~9.6.0"
    "rc-motion" "^2.6.2"
    "rc-resize-observer" "^1.0.0"
    "rc-util" "^5.16.0"

"rc-textarea@^0.4.0", "rc-textarea@~0.4.5":
  "integrity" "sha512-HEKCu8nouXXayqYelQnhQm8fdH7v92pAQvfVCz+jhIPv2PHTyBxVrmoZJMn3B8cU+wdyuvRGkshngO3/TzBn4w=="
  "resolved" "https://registry.npmjs.org/rc-textarea/-/rc-textarea-0.4.6.tgz"
  "version" "0.4.6"
  dependencies:
    "@babel/runtime" "^7.10.1"
    "classnames" "^2.2.1"
    "rc-resize-observer" "^1.0.0"
    "rc-util" "^5.24.4"
    "shallowequal" "^1.1.0"

"rc-tooltip@~5.2.0":
  "integrity" "sha512-jtQzU/18S6EI3lhSGoDYhPqNpWajMtS5VV/ld1LwyfrDByQpYmw/LW6U7oFXXLukjfDHQ7Ju705A82PRNFWYhg=="
  "resolved" "https://registry.npmjs.org/rc-tooltip/-/rc-tooltip-5.2.2.tgz"
  "version" "5.2.2"
  dependencies:
    "@babel/runtime" "^7.11.2"
    "classnames" "^2.3.1"
    "rc-trigger" "^5.0.0"

"rc-tree-select@~5.5.0":
  "integrity" "sha512-gv8KyC6J7f9e50OkGk1ibF7v8vL+iaBnA8Ep/EVlMma2/tGdBQXO9xIvPjX8eQrZL5PjoeTUndNPM3cY3721ng=="
  "resolved" "https://registry.npmjs.org/rc-tree-select/-/rc-tree-select-5.5.3.tgz"
  "version" "5.5.3"
  dependencies:
    "@babel/runtime" "^7.10.1"
    "classnames" "2.x"
    "rc-select" "~14.1.0"
    "rc-tree" "~5.7.0"
    "rc-util" "^5.16.1"

"rc-tree@~5.7.0":
  "integrity" "sha512-F+Ewkv/UcutshnVBMISP+lPdHDlcsL+YH/MQDVWbk+QdkfID7vXiwrHMEZn31+2Rbbm21z/HPceGS8PXGMmnQg=="
  "resolved" "https://registry.npmjs.org/rc-tree/-/rc-tree-5.7.0.tgz"
  "version" "5.7.0"
  dependencies:
    "@babel/runtime" "^7.10.1"
    "classnames" "2.x"
    "rc-motion" "^2.0.1"
    "rc-util" "^5.16.1"
    "rc-virtual-list" "^3.4.8"

"rc-trigger@^5.0.0", "rc-trigger@^5.0.4", "rc-trigger@^5.1.2", "rc-trigger@^5.2.10", "rc-trigger@^5.3.1":
  "integrity" "sha512-IC4nuTSAME7RJSgwvHCNDQrIzhvGMKf6NDu5veX+zk1MG7i1UnwTWWthcP9WHw3+FZfP3oZGvkrHFPu/EGkFKw=="
  "resolved" "https://registry.npmjs.org/rc-trigger/-/rc-trigger-5.3.3.tgz"
  "version" "5.3.3"
  dependencies:
    "@babel/runtime" "^7.18.3"
    "classnames" "^2.2.6"
    "rc-align" "^4.0.0"
    "rc-motion" "^2.0.0"
    "rc-util" "^5.19.2"

"rc-upload@~4.3.0":
  "integrity" "sha512-uVbtHFGNjHG/RyAfm9fluXB6pvArAGyAx8z7XzXXyorEgVIWj6mOlriuDm0XowDHYz4ycNK0nE0oP3cbFnzxiQ=="
  "resolved" "https://registry.npmjs.org/rc-upload/-/rc-upload-4.3.4.tgz"
  "version" "4.3.4"
  dependencies:
    "@babel/runtime" "^7.18.3"
    "classnames" "^2.2.5"
    "rc-util" "^5.2.0"

"rc-util@^5.0.1", "rc-util@^5.0.6", "rc-util@^5.12.0", "rc-util@^5.15.0", "rc-util@^5.16.0", "rc-util@^5.16.1", "rc-util@^5.17.0", "rc-util@^5.18.1", "rc-util@^5.19.2", "rc-util@^5.2.0", "rc-util@^5.2.1", "rc-util@^5.20.1", "rc-util@^5.21.0", "rc-util@^5.21.2", "rc-util@^5.22.5", "rc-util@^5.23.0", "rc-util@^5.24.4", "rc-util@^5.3.0", "rc-util@^5.4.0", "rc-util@^5.6.1", "rc-util@^5.8.0", "rc-util@^5.9.4":
  "integrity" "sha512-2a4RQnycV9eV7lVZPEJ7QwJRPlZNc06J7CwcwZo4vIHr3PfUqtYgl1EkUV9ETAc6VRRi8XZOMFhYG63whlIC9Q=="
  "resolved" "https://registry.npmjs.org/rc-util/-/rc-util-5.24.4.tgz"
  "version" "5.24.4"
  dependencies:
    "@babel/runtime" "^7.18.3"
    "react-is" "^16.12.0"
    "shallowequal" "^1.1.0"

"rc-virtual-list@^3.2.0", "rc-virtual-list@^3.4.8":
  "integrity" "sha512-BvUUH60kkeTBPigN5F89HtGaA5jSP4y2aM6cJ4dk9Y42I9yY+h6i08wF6UKeDcxdfOU8j3I5HxkSS/xA77J3wA=="
  "resolved" "https://registry.npmjs.org/rc-virtual-list/-/rc-virtual-list-3.4.11.tgz"
  "version" "3.4.11"
  dependencies:
    "@babel/runtime" "^7.20.0"
    "classnames" "^2.2.6"
    "rc-resize-observer" "^1.0.0"
    "rc-util" "^5.15.0"

"react-dom@*", "react-dom@^17.0.2 || ^18", "react-dom@^17.0.2 || ^18.0.0-0", "react-dom@>=16.0.0", "react-dom@>=16.11.0", "react-dom@>=16.9.0", "react-dom@18.2.0":
  "integrity" "sha512-6IMTriUmvsjHUjNtEDudZfuDQUoWXVxKHhlEGSk81n4YFS+r/Kl99wXiwlVXtPBtJenozv2P+hxDsw9eA7Xo6g=="
  "resolved" "https://registry.npmjs.org/react-dom/-/react-dom-18.2.0.tgz"
  "version" "18.2.0"
  dependencies:
    "loose-envify" "^1.1.0"
    "scheduler" "^0.23.0"

"react-is@^16.12.0":
  "integrity" "sha512-24e6ynE2H+OKt4kqsOvNd8kBpV65zoxbA4BVsEOB3ARVWQki/DHzaUoC5KuON/BiccDaCCTZBuOcfZs70kR8bQ=="
  "resolved" "https://registry.npmjs.org/react-is/-/react-is-16.13.1.tgz"
  "version" "16.13.1"

"react@*", "react@^16.8.0 || ^17.0.0 || ^18.0.0", "react@^17.0.2 || ^18", "react@^17.0.2 || ^18.0.0-0", "react@^18.2.0", "react@>= 16.8.0 || 17.x.x || ^18.0.0-0", "react@>=16.0.0", "react@>=16.11.0", "react@>=16.9.0", "react@18.2.0":
  "integrity" "sha512-/3IjMdb2L9QbBdWiW5e3P2/npwMBaU9mHCSCUzNln0ZCYbcfTsGbTJrU/kGemdH2IWmB2ioZ+zkxtmq6g09fGQ=="
  "resolved" "https://registry.npmjs.org/react/-/react-18.2.0.tgz"
  "version" "18.2.0"
  dependencies:
    "loose-envify" "^1.1.0"

"regenerator-runtime@^0.13.10":
  "integrity" "sha512-KepLsg4dU12hryUO7bp/axHAKvwGOCV0sGloQtpagJ12ai+ojVDqkeGSiRX1zlq+kjIMZ1t7gpze+26QqtdGqw=="
  "resolved" "https://registry.npmjs.org/regenerator-runtime/-/regenerator-runtime-0.13.10.tgz"
  "version" "0.13.10"

"resize-observer-polyfill@^1.5.1":
  "integrity" "sha512-LwZrotdHOo12nQuZlHEmtuXdqGoOD0OhaxopaNFxWzInpEgaLWoVuAMbTzixuosCx2nEG58ngzW3vxdWoxIgdg=="
  "resolved" "https://registry.npmjs.org/resize-observer-polyfill/-/resize-observer-polyfill-1.5.1.tgz"
  "version" "1.5.1"

"scheduler@^0.23.0":
  "integrity" "sha512-CtuThmgHNg7zIZWAXi3AsyIzA3n4xx7aNyjwC2VJldO2LMVDhFK+63xGqq6CsJH4rTAt6/M+N4GhZiDYPx9eUw=="
  "resolved" "https://registry.npmjs.org/scheduler/-/scheduler-0.23.0.tgz"
  "version" "0.23.0"
  dependencies:
    "loose-envify" "^1.1.0"

"scroll-into-view-if-needed@^2.2.25":
  "integrity" "sha512-hxpAR6AN+Gh53AdAimHM6C8oTN1ppwVZITihix+WqalywBeFcQ6LdQP5ABNl26nX8GTEL7VT+b8lKpdqq65wXg=="
  "resolved" "https://registry.npmjs.org/scroll-into-view-if-needed/-/scroll-into-view-if-needed-2.2.29.tgz"
  "version" "2.2.29"
  dependencies:
    "compute-scroll-into-view" "^1.0.17"

"shallowequal@^1.1.0":
  "integrity" "sha512-y0m1JoUZSlPAjXVtPPW70aZWfIL/dSP7AFkRnniLCrK/8MDKog3TySTBmckD+RObVxH0v4Tox67+F14PdED2oQ=="
  "resolved" "https://registry.npmjs.org/shallowequal/-/shallowequal-1.1.0.tgz"
  "version" "1.1.0"

"source-map-js@^1.0.2":
  "integrity" "sha512-R0XvVJ9WusLiqTCEiGCmICCMplcCkIwwR11mOSD9CR5u+IXYdiseeEuXCVAjS54zqwkLcPNnmU4OeJ6tUrWhDw=="
  "resolved" "https://registry.npmjs.org/source-map-js/-/source-map-js-1.0.2.tgz"
  "version" "1.0.2"

"string-convert@^0.2.0":
  "integrity" "sha512-u/1tdPl4yQnPBjnVrmdLo9gtuLvELKsAoRapekWggdiQNvvvum+jYF329d84NAa660KQw7pB2n36KrIKVoXa3A=="
  "resolved" "https://registry.npmjs.org/string-convert/-/string-convert-0.2.1.tgz"
  "version" "0.2.1"

"styled-jsx@5.0.7":
  "integrity" "sha512-b3sUzamS086YLRuvnaDigdAewz1/EFYlHpYBP5mZovKEdQQOIIYq8lApylub3HHZ6xFjV051kkGU7cudJmrXEA=="
  "resolved" "https://registry.npmjs.org/styled-jsx/-/styled-jsx-5.0.7.tgz"
  "version" "5.0.7"

"toggle-selection@^1.0.6":
  "integrity" "sha512-BiZS+C1OS8g/q2RRbJmy59xpyghNBqrr6k5L/uKBGRsTfxmu3ffiRnd8mlGPUVayg8pvfi5urfnu8TU7DVOkLQ=="
  "resolved" "https://registry.npmjs.org/toggle-selection/-/toggle-selection-1.0.6.tgz"
  "version" "1.0.6"

"tr46@~0.0.3":
  "integrity" "sha512-N3WMsuqV66lT30CrXNbEjx4GEwlow3v6rr4mCcv6prnfwhS01rkgyFdjPNBYd9br7LpXV1+Emh01fHnq2Gdgrw=="
  "resolved" "https://registry.npmjs.org/tr46/-/tr46-0.0.3.tgz"
  "version" "0.0.3"

"tslib@^2.4.0":
  "integrity" "sha512-tGyy4dAjRIEwI7BzsB0lynWgOpfqjUdq91XXAlIWD2OwKBH7oCl/GZG/HT4BOHrTlPMOASlMQ7veyTqpmRcrNA=="
  "resolved" "https://registry.npmjs.org/tslib/-/tslib-2.4.1.tgz"
  "version" "2.4.1"

"typescript@4.7.4":
  "integrity" "sha512-C0WQT0gezHuw6AdY1M2jxUO83Rjf0HP7Sk1DtXj6j1EwkQNZrHAg2XPWlq62oqEhYvONq5pkC2Y9oPljWToLmQ=="
  "resolved" "https://registry.npmjs.org/typescript/-/typescript-4.7.4.tgz"
  "version" "4.7.4"

"use-sync-external-store@1.2.0":
  "integrity" "sha512-eEgnFxGQ1Ife9bzYs6VLi8/4X6CObHMw9Qr9tPY43iKwsPw8xE8+EFsf/2cFZ5S3esXgpWgtSCtLNS41F+sKPA=="
  "resolved" "https://registry.npmjs.org/use-sync-external-store/-/use-sync-external-store-1.2.0.tgz"
  "version" "1.2.0"

"uuid@^8.3.2":
  "integrity" "sha512-+NYs2QeMWy+GWFOEm9xnn6HCDp0l7QBD7ml8zLUmJ+93Q5NF0NocErnwkTkXVFNiX3/fpC6afS8Dhb/gz7R7eg=="
  "resolved" "https://registry.npmjs.org/uuid/-/uuid-8.3.2.tgz"
  "version" "8.3.2"

"webidl-conversions@^3.0.0":
  "integrity" "sha512-2JAn3z8AR6rjK8Sm8orRC0h/bcl/DqL7tRPdGZ4I1CjdF+EaMLmYxBHyXuKL849eucPFhvBoxMsflfOb8kxaeQ=="
  "resolved" "https://registry.npmjs.org/webidl-conversions/-/webidl-conversions-3.0.1.tgz"
  "version" "3.0.1"

"whatwg-url@^5.0.0":
  "integrity" "sha512-saE57nupxk6v3HY35+jzBwYa0rKSy0XR8JSxZPwgLr7ys0IBzhGviA1/TUGJLmSVqs8pb9AnvICXEuOHLprYTw=="
  "resolved" "https://registry.npmjs.org/whatwg-url/-/whatwg-url-5.0.0.tgz"
  "version" "5.0.0"
  dependencies:
    "tr46" "~0.0.3"
    "webidl-conversions" "^3.0.0"

"yallist@^4.0.0":
  "integrity" "sha512-3wdGidZyq5PB084XLES5TpOSRA3wjXAlIWMhum2kRcv/41Sn2emQ0dycQW4uZXLejwKvg6EsvbdlVL+FYEct7A=="
  "resolved" "https://registry.npmjs.org/yallist/-/yallist-4.0.0.tgz"
  "version" "4.0.0"
