# THIS IS AN AUTOGENERATED FILE. DO NOT EDIT THIS FILE DIRECTLY.
# yarn lockfile v1


"@ant-design/colors@^6.0.0":
  version "6.0.0"
  resolved "https://registry.yarnpkg.com/@ant-design/colors/-/colors-6.0.0.tgz#9b9366257cffcc47db42b9d0203bb592c13c0298"
  integrity sha512-qAZRvPzfdWHtfameEGP2Qvuf838NhergR35o+EuVyB5XvSA98xod5r4utvi4TJ3ywmevm290g9nsCG5MryrdWQ==
  dependencies:
    "@ctrl/tinycolor" "^3.4.0"

"@ant-design/icons-svg@^4.2.1":
  version "4.2.1"
  resolved "https://registry.yarnpkg.com/@ant-design/icons-svg/-/icons-svg-4.2.1.tgz#8630da8eb4471a4aabdaed7d1ff6a97dcb2cf05a"
  integrity sha512-EB0iwlKDGpG93hW8f85CTJTs4SvMX7tt5ceupvhALp1IF44SeUFOMhKUOYqpsoYWQKAOuTRDMqn75rEaKDp0Xw==

"@ant-design/icons@^4.7.0":
  version "4.7.0"
  resolved "https://registry.yarnpkg.com/@ant-design/icons/-/icons-4.7.0.tgz#8c3cbe0a556ba92af5dc7d1e70c0b25b5179af0f"
  integrity sha512-aoB4Z7JA431rt6d4u+8xcNPPCrdufSRMUOpxa1ab6mz1JCQZOEVolj2WVs/tDFmN62zzK30mNelEsprLYsSF3g==
  dependencies:
    "@ant-design/colors" "^6.0.0"
    "@ant-design/icons-svg" "^4.2.1"
    "@babel/runtime" "^7.11.2"
    classnames "^2.2.6"
    rc-util "^5.9.4"

"@ant-design/react-slick@~0.29.1":
  version "0.29.2"
  resolved "https://registry.yarnpkg.com/@ant-design/react-slick/-/react-slick-0.29.2.tgz#53e6a7920ea3562eebb304c15a7fc2d7e619d29c"
  integrity sha512-kgjtKmkGHa19FW21lHnAfyyH9AAoh35pBdcJ53rHmQ3O+cfFHGHnUbj/HFrRNJ5vIts09FKJVAD8RpaC+RaWfA==
  dependencies:
    "@babel/runtime" "^7.10.4"
    classnames "^2.2.5"
    json2mq "^0.2.0"
    lodash "^4.17.21"
    resize-observer-polyfill "^1.5.1"

"@babel/runtime@^7.10.1", "@babel/runtime@^7.10.2", "@babel/runtime@^7.10.4", "@babel/runtime@^7.11.1", "@babel/runtime@^7.11.2", "@babel/runtime@^7.12.5", "@babel/runtime@^7.18.0", "@babel/runtime@^7.18.3":
  version "7.19.4"
  resolved "https://registry.yarnpkg.com/@babel/runtime/-/runtime-7.19.4.tgz#a42f814502ee467d55b38dd1c256f53a7b885c78"
  integrity sha512-EXpLCrk55f+cYqmHsSR+yD/0gAIMxxA9QK9lnQWzhMCvt+YmoBN7Zx94s++Kv0+unHk39vxNO8t+CMA2WSS3wA==
  dependencies:
    regenerator-runtime "^0.13.4"

"@ctrl/tinycolor@^3.4.0":
  version "3.4.1"
  resolved "https://registry.yarnpkg.com/@ctrl/tinycolor/-/tinycolor-3.4.1.tgz#75b4c27948c81e88ccd3a8902047bcd797f38d32"
  integrity sha512-ej5oVy6lykXsvieQtqZxCOaLT+xD4+QNarq78cIYISHmZXshCvROLudpQN3lfL8G0NL7plMSSK+zlyvCaIJ4Iw==

"@next/env@13.0.0":
  version "13.0.0"
  resolved "https://registry.yarnpkg.com/@next/env/-/env-13.0.0.tgz#38527956680693c90b4522ab4ab9a2fbe3a17f67"
  integrity sha512-65v9BVuah2Mplohm4+efsKEnoEuhmlGm8B2w6vD1geeEP2wXtlSJCvR/cCRJ3fD8wzCQBV41VcMBQeYET6MRkg==

"@next/swc-android-arm-eabi@13.0.0":
  version "13.0.0"
  resolved "https://registry.yarnpkg.com/@next/swc-android-arm-eabi/-/swc-android-arm-eabi-13.0.0.tgz#15cd89d19d3c00d123fdfe367bab38c362f6c515"
  integrity sha512-+DUQkYF93gxFjWY+CYWE1QDX6gTgnUiWf+W4UqZjM1Jcef8U97fS6xYh+i+8rH4MM0AXHm7OSakvfOMzmjU6VA==

"@next/swc-android-arm64@13.0.0":
  version "13.0.0"
  resolved "https://registry.yarnpkg.com/@next/swc-android-arm64/-/swc-android-arm64-13.0.0.tgz#9410365bb07097268d4773a46b02cfe6b3fe3ab7"
  integrity sha512-RW9Uy3bMSc0zVGCa11klFuwfP/jdcdkhdruqnrJ7v+7XHm6OFKkSRzX6ee7yGR1rdDZvTnP4GZSRSpzjLv/N0g==

"@next/swc-darwin-arm64@13.0.0":
  version "13.0.0"
  resolved "https://registry.yarnpkg.com/@next/swc-darwin-arm64/-/swc-darwin-arm64-13.0.0.tgz#caf262fb5cb8bb335f6f344fd67a44dc8bf6a084"
  integrity sha512-APA26nps1j4qyhOIzkclW/OmgotVHj1jBxebSpMCPw2rXfiNvKNY9FA0TcuwPmUCNqaTnm703h6oW4dvp73A4Q==

"@next/swc-darwin-x64@13.0.0":
  version "13.0.0"
  resolved "https://registry.yarnpkg.com/@next/swc-darwin-x64/-/swc-darwin-x64-13.0.0.tgz#6b214753410e1d8512a1491045acea1e188df7d6"
  integrity sha512-qsUhUdoFuRJiaJ7LnvTQ6GZv1QnMDcRXCIjxaN0FNVXwrjkq++U7KjBUaxXkRzLV4C7u0NHLNOp0iZwNNE7ypw==

"@next/swc-freebsd-x64@13.0.0":
  version "13.0.0"
  resolved "https://registry.yarnpkg.com/@next/swc-freebsd-x64/-/swc-freebsd-x64-13.0.0.tgz#eeb176bdb585f48882bdac1d04271b918ca87590"
  integrity sha512-sCdyCbboS7CwdnevKH9J6hkJI76LUw1jVWt4eV7kISuLiPba3JmehZSWm80oa4ADChRVAwzhLAo2zJaYRrInbg==

"@next/swc-linux-arm-gnueabihf@13.0.0":
  version "13.0.0"
  resolved "https://registry.yarnpkg.com/@next/swc-linux-arm-gnueabihf/-/swc-linux-arm-gnueabihf-13.0.0.tgz#2c2a9622c93f87a8baca94e068f674da4cae6018"
  integrity sha512-/X/VxfFA41C9jrEv+sUsPLQ5vbDPVIgG0CJrzKvrcc+b+4zIgPgtfsaWq9ockjHFQi3ycvlZK4TALOXO8ovQ6Q==

"@next/swc-linux-arm64-gnu@13.0.0":
  version "13.0.0"
  resolved "https://registry.yarnpkg.com/@next/swc-linux-arm64-gnu/-/swc-linux-arm64-gnu-13.0.0.tgz#69505827e2928fb18034150fd4d754d54c4a1c4b"
  integrity sha512-x6Oxr1GIi0ZtNiT6jbw+JVcbEi3UQgF7mMmkrgfL4mfchOwXtWSHKTSSPnwoJWJfXYa0Vy1n8NElWNTGAqoWFw==

"@next/swc-linux-arm64-musl@13.0.0":
  version "13.0.0"
  resolved "https://registry.yarnpkg.com/@next/swc-linux-arm64-musl/-/swc-linux-arm64-musl-13.0.0.tgz#487a88f2583a046e882328fe0665b37eca4fd0f6"
  integrity sha512-SnMH9ngI+ipGh3kqQ8+mDtWunirwmhQnQeZkEq9e/9Xsgjf04OetqrqRHKM1HmJtG2qMUJbyXFJ0F81TPuT+3g==

"@next/swc-linux-x64-gnu@13.0.0":
  version "13.0.0"
  resolved "https://registry.yarnpkg.com/@next/swc-linux-x64-gnu/-/swc-linux-x64-gnu-13.0.0.tgz#29e89c7e4fd2e2b16ad059076f6261998aee53df"
  integrity sha512-VSQwTX9EmdbotArtA1J67X8964oQfe0xHb32x4tu+JqTR+wOHyG6wGzPMdXH2oKAp6rdd7BzqxUXXf0J+ypHlw==

"@next/swc-linux-x64-musl@13.0.0":
  version "13.0.0"
  resolved "https://registry.yarnpkg.com/@next/swc-linux-x64-musl/-/swc-linux-x64-musl-13.0.0.tgz#2f63aae922d2b2829aec21bf8f9adda8b6c16365"
  integrity sha512-xBCP0nnpO0q4tsytXkvIwWFINtbFRyVY5gxa1zB0vlFtqYR9lNhrOwH3CBrks3kkeaePOXd611+8sjdUtrLnXA==

"@next/swc-win32-arm64-msvc@13.0.0":
  version "13.0.0"
  resolved "https://registry.yarnpkg.com/@next/swc-win32-arm64-msvc/-/swc-win32-arm64-msvc-13.0.0.tgz#4117bad96c2a6775f70294fba45c63951a8a21ac"
  integrity sha512-NutwDafqhGxqPj/eiUixJq9ImS/0sgx6gqlD7jRndCvQ2Q8AvDdu1+xKcGWGNnhcDsNM/n1avf1e62OG1GaqJg==

"@next/swc-win32-ia32-msvc@13.0.0":
  version "13.0.0"
  resolved "https://registry.yarnpkg.com/@next/swc-win32-ia32-msvc/-/swc-win32-ia32-msvc-13.0.0.tgz#5914eb86f9ea92a00d76cb094dd9734b3bf2012c"
  integrity sha512-zNaxaO+Kl/xNz02E9QlcVz0pT4MjkXGDLb25qxtAzyJL15aU0+VjjbIZAYWctG59dvggNIUNDWgoBeVTKB9xLg==

"@next/swc-win32-x64-msvc@13.0.0":
  version "13.0.0"
  resolved "https://registry.yarnpkg.com/@next/swc-win32-x64-msvc/-/swc-win32-x64-msvc-13.0.0.tgz#c54a5a739dee04b20338d305226a2acdf701f67f"
  integrity sha512-FFOGGWwTCRMu9W7MF496Urefxtuo2lttxF1vwS+1rIRsKvuLrWhVaVTj3T8sf2EBL6gtJbmh4TYlizS+obnGKA==

"@swc/helpers@0.4.11":
  version "0.4.11"
  resolved "https://registry.yarnpkg.com/@swc/helpers/-/helpers-0.4.11.tgz#db23a376761b3d31c26502122f349a21b592c8de"
  integrity sha512-rEUrBSGIoSFuYxwBYtlUFMlE2CwGhmW+w9355/5oduSw8e5h2+Tj4UrAGNNgP9915++wj5vkQo0UuOBqOAq4nw==
  dependencies:
    tslib "^2.4.0"

"@types/node@18.0.3":
  version "18.0.3"
  resolved "https://registry.yarnpkg.com/@types/node/-/node-18.0.3.tgz#463fc47f13ec0688a33aec75d078a0541a447199"
  integrity sha512-HzNRZtp4eepNitP+BD6k2L6DROIDG4Q0fm4x+dwfsr6LGmROENnok75VGw40628xf+iR24WeMFcHuuBDUAzzsQ==

"@types/prop-types@*":
  version "15.7.5"
  resolved "https://registry.yarnpkg.com/@types/prop-types/-/prop-types-15.7.5.tgz#5f19d2b85a98e9558036f6a3cacc8819420f05cf"
  integrity sha512-JCB8C6SnDoQf0cNycqd/35A7MjcnK+ZTqE7judS6o7utxUCg6imJg3QK2qzHKszlTjcj2cn+NwMB2i96ubpj7w==

"@types/react-dom@18.0.6":
  version "18.0.6"
  resolved "https://registry.yarnpkg.com/@types/react-dom/-/react-dom-18.0.6.tgz#36652900024842b74607a17786b6662dd1e103a1"
  integrity sha512-/5OFZgfIPSwy+YuIBP/FgJnQnsxhZhjjrnxudMddeblOouIodEQ75X14Rr4wGSG/bknL+Omy9iWlLo1u/9GzAA==
  dependencies:
    "@types/react" "*"

"@types/react@*":
  version "18.0.23"
  resolved "https://registry.yarnpkg.com/@types/react/-/react-18.0.23.tgz#4190ecd58b99fa79fe2e67832bdcb287e5f893e4"
  integrity sha512-R1wTULtCiJkudAN2DJGoYYySbGtOdzZyUWAACYinKdiQC8auxso4kLDUhQ7AJ2kh3F6A6z4v69U6tNY39hihVQ==
  dependencies:
    "@types/prop-types" "*"
    "@types/scheduler" "*"
    csstype "^3.0.2"

"@types/react@18.0.15":
  version "18.0.15"
  resolved "https://registry.yarnpkg.com/@types/react/-/react-18.0.15.tgz#d355644c26832dc27f3e6cbf0c4f4603fc4ab7fe"
  integrity sha512-iz3BtLuIYH1uWdsv6wXYdhozhqj20oD4/Hk2DNXIn1kFsmp9x8d9QB6FnPhfkbhd2PgEONt9Q1x/ebkwjfFLow==
  dependencies:
    "@types/prop-types" "*"
    "@types/scheduler" "*"
    csstype "^3.0.2"

"@types/scheduler@*":
  version "0.16.2"
  resolved "https://registry.yarnpkg.com/@types/scheduler/-/scheduler-0.16.2.tgz#1a62f89525723dde24ba1b01b092bf5df8ad4d39"
  integrity sha512-hppQEBDmlwhFAXKJX2KnWLYu5yMfi91yazPb2l+lbJiwW+wdo1gNeRA+3RgNSO39WYX2euey41KEwnqesU2Jew==

antd@^4.21.5:
  version "4.23.6"
  resolved "https://registry.yarnpkg.com/antd/-/antd-4.23.6.tgz#e21523c401f0e8fdff47bec48bd6535247492b27"
  integrity sha512-AYH57cWBDe1ChtbnvG8i9dpKG4WnjE3AG0zIKpXByFNnxsr4saV6/19ihE8/ImSGpohN4E2zTXmo7R5/MyVRKQ==
  dependencies:
    "@ant-design/colors" "^6.0.0"
    "@ant-design/icons" "^4.7.0"
    "@ant-design/react-slick" "~0.29.1"
    "@babel/runtime" "^7.18.3"
    "@ctrl/tinycolor" "^3.4.0"
    classnames "^2.2.6"
    copy-to-clipboard "^3.2.0"
    lodash "^4.17.21"
    memoize-one "^6.0.0"
    moment "^2.29.2"
    rc-cascader "~3.7.0"
    rc-checkbox "~2.3.0"
    rc-collapse "~3.3.0"
    rc-dialog "~8.9.0"
    rc-drawer "~5.1.0"
    rc-dropdown "~4.0.0"
    rc-field-form "~1.27.0"
    rc-image "~5.7.0"
    rc-input "~0.1.2"
    rc-input-number "~7.3.9"
    rc-mentions "~1.10.0"
    rc-menu "~9.6.3"
    rc-motion "^2.6.1"
    rc-notification "~4.6.0"
    rc-pagination "~3.1.17"
    rc-picker "~2.6.11"
    rc-progress "~3.3.2"
    rc-rate "~2.9.0"
    rc-resize-observer "^1.2.0"
    rc-segmented "~2.1.0"
    rc-select "~14.1.13"
    rc-slider "~10.0.0"
    rc-steps "~4.1.0"
    rc-switch "~3.2.0"
    rc-table "~7.26.0"
    rc-tabs "~12.2.0"
    rc-textarea "~0.4.5"
    rc-tooltip "~5.2.0"
    rc-tree "~5.7.0"
    rc-tree-select "~5.5.0"
    rc-trigger "^5.2.10"
    rc-upload "~4.3.0"
    rc-util "^5.22.5"
    scroll-into-view-if-needed "^2.2.25"

array-tree-filter@^2.1.0:
  version "2.1.0"
  resolved "https://registry.yarnpkg.com/array-tree-filter/-/array-tree-filter-2.1.0.tgz#873ac00fec83749f255ac8dd083814b4f6329190"
  integrity sha512-4ROwICNlNw/Hqa9v+rk5h22KjmzB1JGTMVKP2AKJBOCgb0yL0ASf0+YvCcLNNwquOHNX48jkeZIJ3a+oOQqKcw==

async-validator@^4.1.0:
  version "4.2.5"
  resolved "https://registry.yarnpkg.com/async-validator/-/async-validator-4.2.5.tgz#c96ea3332a521699d0afaaceed510a54656c6339"
  integrity sha512-7HhHjtERjqlNbZtqNqy2rckN/SpOOlmDliet+lP7k+eKZEjPk3DgyeU9lIXLdeLz0uBbbVp+9Qdow9wJWgwwfg==

caniuse-lite@^1.0.30001406:
  version "1.0.30001426"
  resolved "https://registry.yarnpkg.com/caniuse-lite/-/caniuse-lite-1.0.30001426.tgz#58da20446ccd0cb1dfebd11d2350c907ee7c2eaa"
  integrity sha512-n7cosrHLl8AWt0wwZw/PJZgUg3lV0gk9LMI7ikGJwhyhgsd2Nb65vKvmSexCqq/J7rbH3mFG6yZZiPR5dLPW5A==

classnames@2.x, classnames@^2.2.1, classnames@^2.2.3, classnames@^2.2.5, classnames@^2.2.6, classnames@^2.3.1:
  version "2.3.2"
  resolved "https://registry.yarnpkg.com/classnames/-/classnames-2.3.2.tgz#351d813bf0137fcc6a76a16b88208d2560a0d924"
  integrity sha512-CSbhY4cFEJRe6/GQzIk5qXZ4Jeg5pcsP7b5peFSDpffpe1cqjASH/n9UTjBwOp6XpMSTwQ8Za2K5V02ueA7Tmw==

client-only@0.0.1:
  version "0.0.1"
  resolved "https://registry.yarnpkg.com/client-only/-/client-only-0.0.1.tgz#38bba5d403c41ab150bff64a95c85013cf73bca1"
  integrity sha512-IV3Ou0jSMzZrd3pZ48nLkT9DA7Ag1pnPzaiQhpW7c3RbcqqzvzzVu+L8gfqMp/8IM2MQtSiqaCxrrcfu8I8rMA==

compute-scroll-into-view@^1.0.17:
  version "1.0.17"
  resolved "https://registry.yarnpkg.com/compute-scroll-into-view/-/compute-scroll-into-view-1.0.17.tgz#6a88f18acd9d42e9cf4baa6bec7e0522607ab7ab"
  integrity sha512-j4dx+Fb0URmzbwwMUrhqWM2BEWHdFGx+qZ9qqASHRPqvTYdqvWnHg0H1hIbcyLnvgnoNAVMlwkepyqM3DaIFUg==

copy-to-clipboard@^3.2.0:
  version "3.3.2"
  resolved "https://registry.yarnpkg.com/copy-to-clipboard/-/copy-to-clipboard-3.3.2.tgz#5b263ec2366224b100181dded7ce0579b340c107"
  integrity sha512-Vme1Z6RUDzrb6xAI7EZlVZ5uvOk2F//GaxKUxajDqm9LhOVM1inxNAD2vy+UZDYsd0uyA9s7b3/FVZPSxqrCfg==
  dependencies:
    toggle-selection "^1.0.6"

csstype@^3.0.2:
  version "3.1.1"
  resolved "https://registry.yarnpkg.com/csstype/-/csstype-3.1.1.tgz#841b532c45c758ee546a11d5bd7b7b473c8c30b9"
  integrity sha512-DJR/VvkAvSZW9bTouZue2sSxDwdTN92uHjqeKVm+0dAqdfNykRzQ95tay8aXMBAAPpUiq4Qcug2L7neoRh2Egw==

date-fns@2.x:
  version "2.29.3"
  resolved "https://registry.yarnpkg.com/date-fns/-/date-fns-2.29.3.tgz#27402d2fc67eb442b511b70bbdf98e6411cd68a8"
  integrity sha512-dDCnyH2WnnKusqvZZ6+jA1O51Ibt8ZMRNkDZdyAyK4YfbDwa/cEmuztzG5pk6hqlp9aSBPYcjOlktquahGwGeA==

dayjs@1.x:
  version "1.11.6"
  resolved "https://registry.yarnpkg.com/dayjs/-/dayjs-1.11.6.tgz#2e79a226314ec3ec904e3ee1dd5a4f5e5b1c7afb"
  integrity sha512-zZbY5giJAinCG+7AGaw0wIhNZ6J8AhWuSXKvuc1KAyMiRsvGQWqh4L+MomvhdAYjN+lqvVCMq1I41e3YHvXkyQ==

dom-align@^1.7.0:
  version "1.12.3"
  resolved "https://registry.yarnpkg.com/dom-align/-/dom-align-1.12.3.tgz#a36d02531dae0eefa2abb0c4db6595250526f103"
  integrity sha512-Gj9hZN3a07cbR6zviMUBOMPdWxYhbMI+x+WS0NAIu2zFZmbK8ys9R79g+iG9qLnlCwpFoaB+fKy8Pdv470GsPA==

"js-tokens@^3.0.0 || ^4.0.0":
  version "4.0.0"
  resolved "https://registry.yarnpkg.com/js-tokens/-/js-tokens-4.0.0.tgz#19203fb59991df98e3a287050d4647cdeaf32499"
  integrity sha512-RdJUflcE3cUzKiMqQgsCu06FPu9UdIJO0beYbPhHN4k6apgJtifcoCtT9bcxOpYBtpD2kCM6Sbzg4CausW/PKQ==

json2mq@^0.2.0:
  version "0.2.0"
  resolved "https://registry.yarnpkg.com/json2mq/-/json2mq-0.2.0.tgz#b637bd3ba9eabe122c83e9720483aeb10d2c904a"
  integrity sha512-SzoRg7ux5DWTII9J2qkrZrqV1gt+rTaoufMxEzXbS26Uid0NwaJd123HcoB80TgubEppxxIGdNxCx50fEoEWQA==
  dependencies:
    string-convert "^0.2.0"

lodash@^4.17.21:
  version "4.17.21"
  resolved "https://registry.yarnpkg.com/lodash/-/lodash-4.17.21.tgz#679591c564c3bffaae8454cf0b3df370c3d6911c"
  integrity sha512-v2kDEe57lecTulaDIuNTPy3Ry4gLGJ6Z1O3vE1krgXZNrsQ+LFTGHVxVjcXPs17LhbZVGedAJv8XZ1tvj5FvSg==

loose-envify@^1.1.0:
  version "1.4.0"
  resolved "https://registry.yarnpkg.com/loose-envify/-/loose-envify-1.4.0.tgz#71ee51fa7be4caec1a63839f7e682d8132d30caf"
  integrity sha512-lyuxPGr/Wfhrlem2CL/UcnUc1zcqKAImBDzukY7Y5F/yQiNdko6+fRLevlw1HgMySw7f611UIY408EtxRSoK3Q==
  dependencies:
    js-tokens "^3.0.0 || ^4.0.0"

memoize-one@^6.0.0:
  version "6.0.0"
  resolved "https://registry.yarnpkg.com/memoize-one/-/memoize-one-6.0.0.tgz#b2591b871ed82948aee4727dc6abceeeac8c1045"
  integrity sha512-rkpe71W0N0c0Xz6QD0eJETuWAJGnJ9afsl1srmwPrI+yBCkge5EycXXbYRyvL29zZVUWQCY7InPRCv3GDXuZNw==

moment@^2.24.0, moment@^2.29.2:
  version "2.29.4"
  resolved "https://registry.yarnpkg.com/moment/-/moment-2.29.4.tgz#3dbe052889fe7c1b2ed966fcb3a77328964ef108"
  integrity sha512-5LC9SOxjSc2HF6vO2CyuTDNivEdoz2IvyJJGj6X8DJ0eFyfszE0QiEd+iXmBvUP3WHxSjFH/vIsA0EN00cgr8w==

nanoid@^3.3.4:
  version "3.3.4"
  resolved "https://registry.yarnpkg.com/nanoid/-/nanoid-3.3.4.tgz#730b67e3cd09e2deacf03c027c81c9d9dbc5e8ab"
  integrity sha512-MqBkQh/OHTS2egovRtLk45wEyNXwF+cokD+1YPf9u5VfJiRdAiRwB2froX5Co9Rh20xs4siNPm8naNotSD6RBw==

next@latest:
  version "13.0.0"
  resolved "https://registry.yarnpkg.com/next/-/next-13.0.0.tgz#6f07064a4f374562cf58677bef4dd06326ca648b"
  integrity sha512-puH1WGM6rGeFOoFdXXYfUxN9Sgi4LMytCV5HkQJvVUOhHfC1DoVqOfvzaEteyp6P04IW+gbtK2Q9pInVSrltPA==
  dependencies:
    "@next/env" "13.0.0"
    "@swc/helpers" "0.4.11"
    caniuse-lite "^1.0.30001406"
    postcss "8.4.14"
    styled-jsx "5.1.0"
    use-sync-external-store "1.2.0"
  optionalDependencies:
    "@next/swc-android-arm-eabi" "13.0.0"
    "@next/swc-android-arm64" "13.0.0"
    "@next/swc-darwin-arm64" "13.0.0"
    "@next/swc-darwin-x64" "13.0.0"
    "@next/swc-freebsd-x64" "13.0.0"
    "@next/swc-linux-arm-gnueabihf" "13.0.0"
    "@next/swc-linux-arm64-gnu" "13.0.0"
    "@next/swc-linux-arm64-musl" "13.0.0"
    "@next/swc-linux-x64-gnu" "13.0.0"
    "@next/swc-linux-x64-musl" "13.0.0"
    "@next/swc-win32-arm64-msvc" "13.0.0"
    "@next/swc-win32-ia32-msvc" "13.0.0"
    "@next/swc-win32-x64-msvc" "13.0.0"

picocolors@^1.0.0:
  version "1.0.0"
  resolved "https://registry.yarnpkg.com/picocolors/-/picocolors-1.0.0.tgz#cb5bdc74ff3f51892236eaf79d68bc44564ab81c"
  integrity sha512-1fygroTLlHu66zi26VoTDv8yRgm0Fccecssto+MhsZ0D/DGW2sm8E8AjW7NU5VVTRt5GxbeZ5qBuJr+HyLYkjQ==

postcss@8.4.14:
  version "8.4.14"
  resolved "https://registry.yarnpkg.com/postcss/-/postcss-8.4.14.tgz#ee9274d5622b4858c1007a74d76e42e56fd21caf"
  integrity sha512-E398TUmfAYFPBSdzgeieK2Y1+1cpdxJx8yXbK/m57nRhKSmk1GB2tO4lbLBtlkfPQTDKfe4Xqv1ASWPpayPEig==
  dependencies:
    nanoid "^3.3.4"
    picocolors "^1.0.0"
    source-map-js "^1.0.2"

rc-align@^4.0.0:
  version "4.0.12"
  resolved "https://registry.yarnpkg.com/rc-align/-/rc-align-4.0.12.tgz#065b5c68a1cc92a00800c9239320d9fdf5f16207"
  integrity sha512-3DuwSJp8iC/dgHzwreOQl52soj40LchlfUHtgACOUtwGuoFIOVh6n/sCpfqCU8kO5+iz6qR0YKvjgB8iPdE3aQ==
  dependencies:
    "@babel/runtime" "^7.10.1"
    classnames "2.x"
    dom-align "^1.7.0"
    lodash "^4.17.21"
    rc-util "^5.3.0"
    resize-observer-polyfill "^1.5.1"

rc-cascader@~3.7.0:
  version "3.7.0"
  resolved "https://registry.yarnpkg.com/rc-cascader/-/rc-cascader-3.7.0.tgz#98134df578ce1cca22be8fb4319b04df4f3dca36"
  integrity sha512-SFtGpwmYN7RaWEAGTS4Rkc62ZV/qmQGg/tajr/7mfIkleuu8ro9Hlk6J+aA0x1YS4zlaZBtTcSaXM01QMiEV/A==
  dependencies:
    "@babel/runtime" "^7.12.5"
    array-tree-filter "^2.1.0"
    classnames "^2.3.1"
    rc-select "~14.1.0"
    rc-tree "~5.7.0"
    rc-util "^5.6.1"

rc-checkbox@~2.3.0:
  version "2.3.2"
  resolved "https://registry.yarnpkg.com/rc-checkbox/-/rc-checkbox-2.3.2.tgz#f91b3678c7edb2baa8121c9483c664fa6f0aefc1"
  integrity sha512-afVi1FYiGv1U0JlpNH/UaEXdh6WUJjcWokj/nUN2TgG80bfG+MDdbfHKlLcNNba94mbjy2/SXJ1HDgrOkXGAjg==
  dependencies:
    "@babel/runtime" "^7.10.1"
    classnames "^2.2.1"

rc-collapse@~3.3.0:
  version "3.3.1"
  resolved "https://registry.yarnpkg.com/rc-collapse/-/rc-collapse-3.3.1.tgz#fc66d4c9cfeaf41e932b2de6da2d454874aee55a"
  integrity sha512-cOJfcSe3R8vocrF8T+PgaHDrgeA1tX+lwfhwSj60NX9QVRidsILIbRNDLD6nAzmcvVC5PWiIRiR4S1OobxdhCg==
  dependencies:
    "@babel/runtime" "^7.10.1"
    classnames "2.x"
    rc-motion "^2.3.4"
    rc-util "^5.2.1"
    shallowequal "^1.1.0"

rc-dialog@~8.9.0:
  version "8.9.0"
  resolved "https://registry.yarnpkg.com/rc-dialog/-/rc-dialog-8.9.0.tgz#04dc39522f0321ed2e06018d4a7e02a4c32bd3ea"
  integrity sha512-Cp0tbJnrvPchJfnwIvOMWmJ4yjX3HWFatO6oBFD1jx8QkgsQCR0p8nUWAKdd3seLJhEC39/v56kZaEjwp9muoQ==
  dependencies:
    "@babel/runtime" "^7.10.1"
    classnames "^2.2.6"
    rc-motion "^2.3.0"
    rc-util "^5.21.0"

rc-drawer@~5.1.0:
  version "5.1.0"
  resolved "https://registry.yarnpkg.com/rc-drawer/-/rc-drawer-5.1.0.tgz#c1b8a46e5c064ba46a16233fbcfb1ccec6a73c10"
  integrity sha512-pU3Tsn99pxGdYowXehzZbdDVE+4lDXSGb7p8vA9mSmr569oc2Izh4Zw5vLKSe/Xxn2p5MSNbLVqD4tz+pK6SOw==
  dependencies:
    "@babel/runtime" "^7.10.1"
    classnames "^2.2.6"
    rc-motion "^2.6.1"
    rc-util "^5.21.2"

rc-dropdown@~4.0.0:
  version "4.0.1"
  resolved "https://registry.yarnpkg.com/rc-dropdown/-/rc-dropdown-4.0.1.tgz#f65d9d3d89750241057db59d5a75e43cd4576b68"
  integrity sha512-OdpXuOcme1rm45cR0Jzgfl1otzmU4vuBVb+etXM8vcaULGokAKVpKlw8p6xzspG7jGd/XxShvq+N3VNEfk/l5g==
  dependencies:
    "@babel/runtime" "^7.18.3"
    classnames "^2.2.6"
    rc-trigger "^5.3.1"
    rc-util "^5.17.0"

rc-field-form@~1.27.0:
  version "1.27.3"
  resolved "https://registry.yarnpkg.com/rc-field-form/-/rc-field-form-1.27.3.tgz#e5262796b91c80848a42a3e7a669bf459f08d63d"
  integrity sha512-HGqxHnmGQgkPApEcikV4qTg3BLPC82uB/cwBDftDt1pYaqitJfSl5TFTTUMKVEJVT5RqJ2Zi68ME1HmIMX2HAw==
  dependencies:
    "@babel/runtime" "^7.18.0"
    async-validator "^4.1.0"
    rc-util "^5.8.0"

rc-image@~5.7.0:
  version "5.7.1"
  resolved "https://registry.yarnpkg.com/rc-image/-/rc-image-5.7.1.tgz#678dc014845954c30237808c00c7b12e5f2a0b07"
  integrity sha512-QyMfdhoUfb5W14plqXSisaYwpdstcLYnB0MjX5ccIK2rydQM9sDPuekQWu500DDGR2dBaIF5vx9XbWkNFK17Fg==
  dependencies:
    "@babel/runtime" "^7.11.2"
    classnames "^2.2.6"
    rc-dialog "~8.9.0"
    rc-util "^5.0.6"

rc-input-number@~7.3.9:
  version "7.3.9"
  resolved "https://registry.yarnpkg.com/rc-input-number/-/rc-input-number-7.3.9.tgz#bc6560376ea595e3bf8fbd3137711cbc158800b5"
  integrity sha512-u0+miS+SATdb6DtssYei2JJ1WuZME+nXaG6XGtR8maNyW5uGDytfDu60OTWLQEb0Anv/AcCzehldV8CKmKyQfA==
  dependencies:
    "@babel/runtime" "^7.10.1"
    classnames "^2.2.5"
    rc-util "^5.23.0"

rc-input@~0.1.2:
  version "0.1.3"
  resolved "https://registry.yarnpkg.com/rc-input/-/rc-input-0.1.3.tgz#5ef4cb60d6ec3548af58bf94034c220ef76b7c23"
  integrity sha512-FgW80AtNA3qTc++BPWXoBPVCGL7oSVbWxcEnBN51pBWpOqiJ6ta79EqtD/WI7k/N1SNqh+ie3GRfPmZhKOj6VQ==
  dependencies:
    "@babel/runtime" "^7.11.1"
    classnames "^2.2.1"
    rc-util "^5.18.1"

rc-mentions@~1.10.0:
  version "1.10.0"
  resolved "https://registry.yarnpkg.com/rc-mentions/-/rc-mentions-1.10.0.tgz#f2e4055b535d042d408e94b853b709dbd966f546"
  integrity sha512-oMlYWnwXSxP2NQVlgxOTzuG/u9BUc3ySY78K3/t7MNhJWpZzXTao+/Bic6tyZLuNCO89//hVQJBdaR2rnFQl6Q==
  dependencies:
    "@babel/runtime" "^7.10.1"
    classnames "^2.2.6"
    rc-menu "~9.6.0"
    rc-textarea "^0.4.0"
    rc-trigger "^5.0.4"
    rc-util "^5.22.5"

rc-menu@~9.6.0, rc-menu@~9.6.3:
  version "9.6.4"
  resolved "https://registry.yarnpkg.com/rc-menu/-/rc-menu-9.6.4.tgz#033e7b8848c17a09a81b68b8d4c3fa457605f4f6"
  integrity sha512-6DiNAjxjVIPLZXHffXxxcyE15d4isRL7iQ1ru4MqYDH2Cqc5bW96wZOdMydFtGLyDdnmEQ9jVvdCE9yliGvzkw==
  dependencies:
    "@babel/runtime" "^7.10.1"
    classnames "2.x"
    rc-motion "^2.4.3"
    rc-overflow "^1.2.0"
    rc-trigger "^5.1.2"
    rc-util "^5.12.0"
    shallowequal "^1.1.0"

rc-motion@^2.0.0, rc-motion@^2.0.1, rc-motion@^2.2.0, rc-motion@^2.3.0, rc-motion@^2.3.4, rc-motion@^2.4.3, rc-motion@^2.4.4, rc-motion@^2.6.1, rc-motion@^2.6.2:
  version "2.6.2"
  resolved "https://registry.yarnpkg.com/rc-motion/-/rc-motion-2.6.2.tgz#3d31f97e41fb8e4f91a4a4189b6a98ac63342869"
  integrity sha512-4w1FaX3dtV749P8GwfS4fYnFG4Rb9pxvCYPc/b2fw1cmlHJWNNgOFIz7ysiD+eOrzJSvnLJWlNQQncpNMXwwpg==
  dependencies:
    "@babel/runtime" "^7.11.1"
    classnames "^2.2.1"
    rc-util "^5.21.0"

rc-notification@~4.6.0:
  version "4.6.0"
  resolved "https://registry.yarnpkg.com/rc-notification/-/rc-notification-4.6.0.tgz#4e76fc2d0568f03cc93ac18c9e20763ebe29fa46"
  integrity sha512-xF3MKgIoynzjQAO4lqsoraiFo3UXNYlBfpHs0VWvwF+4pimen9/H1DYLN2mfRWhHovW6gRpla73m2nmyIqAMZQ==
  dependencies:
    "@babel/runtime" "^7.10.1"
    classnames "2.x"
    rc-motion "^2.2.0"
    rc-util "^5.20.1"

rc-overflow@^1.0.0, rc-overflow@^1.2.0:
  version "1.2.8"
  resolved "https://registry.yarnpkg.com/rc-overflow/-/rc-overflow-1.2.8.tgz#40f140fabc244118543e627cdd1ef750d9481a88"
  integrity sha512-QJ0UItckWPQ37ZL1dMEBAdY1dhfTXFL9k6oTTcyydVwoUNMnMqCGqnRNA98axSr/OeDKqR6DVFyi8eA5RQI/uQ==
  dependencies:
    "@babel/runtime" "^7.11.1"
    classnames "^2.2.1"
    rc-resize-observer "^1.0.0"
    rc-util "^5.19.2"

rc-pagination@~3.1.17:
  version "3.1.17"
  resolved "https://registry.yarnpkg.com/rc-pagination/-/rc-pagination-3.1.17.tgz#91e690aa894806e344cea88ea4a16d244194a1bd"
  integrity sha512-/BQ5UxcBnW28vFAcP2hfh+Xg15W0QZn8TWYwdCApchMH1H0CxiaUUcULP8uXcFM1TygcdKWdt3JqsL9cTAfdkQ==
  dependencies:
    "@babel/runtime" "^7.10.1"
    classnames "^2.2.1"

rc-picker@~2.6.11:
  version "2.6.11"
  resolved "https://registry.yarnpkg.com/rc-picker/-/rc-picker-2.6.11.tgz#d4a55e46480517cd1bfea5f5acd28b1d6be232d2"
  integrity sha512-INJ7ULu+Kj4UgqbcqE8Q+QpMw55xFf9kkyLBHJFk0ihjJpAV4glialRfqHE7k4KX2BWYPQfpILwhwR14x2EiRQ==
  dependencies:
    "@babel/runtime" "^7.10.1"
    classnames "^2.2.1"
    date-fns "2.x"
    dayjs "1.x"
    moment "^2.24.0"
    rc-trigger "^5.0.4"
    rc-util "^5.4.0"
    shallowequal "^1.1.0"

rc-progress@~3.3.2:
  version "3.3.3"
  resolved "https://registry.yarnpkg.com/rc-progress/-/rc-progress-3.3.3.tgz#eb9bffbacab1534f2542f9f6861ce772254362b1"
  integrity sha512-MDVNVHzGanYtRy2KKraEaWeZLri2ZHWIRyaE1a9MQ2MuJ09m+Wxj5cfcaoaR6z5iRpHpA59YeUxAlpML8N4PJw==
  dependencies:
    "@babel/runtime" "^7.10.1"
    classnames "^2.2.6"
    rc-util "^5.16.1"

rc-rate@~2.9.0:
  version "2.9.2"
  resolved "https://registry.yarnpkg.com/rc-rate/-/rc-rate-2.9.2.tgz#4a58965d1ecf91896ebae01d458b59056df0b4ea"
  integrity sha512-SaiZFyN8pe0Fgphv8t3+kidlej+cq/EALkAJAc3A0w0XcPaH2L1aggM8bhe1u6GAGuQNAoFvTLjw4qLPGRKV5g==
  dependencies:
    "@babel/runtime" "^7.10.1"
    classnames "^2.2.5"
    rc-util "^5.0.1"

rc-resize-observer@^1.0.0, rc-resize-observer@^1.1.0, rc-resize-observer@^1.2.0:
  version "1.2.0"
  resolved "https://registry.yarnpkg.com/rc-resize-observer/-/rc-resize-observer-1.2.0.tgz#9f46052f81cdf03498be35144cb7c53fd282c4c7"
  integrity sha512-6W+UzT3PyDM0wVCEHfoW3qTHPTvbdSgiA43buiy8PzmeMnfgnDeb9NjdimMXMl3/TcrvvWl5RRVdp+NqcR47pQ==
  dependencies:
    "@babel/runtime" "^7.10.1"
    classnames "^2.2.1"
    rc-util "^5.15.0"
    resize-observer-polyfill "^1.5.1"

rc-segmented@~2.1.0:
  version "2.1.0"
  resolved "https://registry.yarnpkg.com/rc-segmented/-/rc-segmented-2.1.0.tgz#0e0afe646c1a0e44a0e18785f518c42633ec8efc"
  integrity sha512-hUlonro+pYoZcwrH6Vm56B2ftLfQh046hrwif/VwLIw1j3zGt52p5mREBwmeVzXnSwgnagpOpfafspzs1asjGw==
  dependencies:
    "@babel/runtime" "^7.11.1"
    classnames "^2.2.1"
    rc-motion "^2.4.4"
    rc-util "^5.17.0"

rc-select@~14.1.0, rc-select@~14.1.13:
  version "14.1.13"
  resolved "https://registry.yarnpkg.com/rc-select/-/rc-select-14.1.13.tgz#7eb53d00be82fb8e5050de3094e72edcf27ce6f6"
  integrity sha512-WMEsC3gTwA1dbzWOdVIXDmWyidYNLq68AwvvUlRROw790uGUly0/vmqDozXrIr0QvN/A3CEULx12o+WtLCAefg==
  dependencies:
    "@babel/runtime" "^7.10.1"
    classnames "2.x"
    rc-motion "^2.0.1"
    rc-overflow "^1.0.0"
    rc-trigger "^5.0.4"
    rc-util "^5.16.1"
    rc-virtual-list "^3.2.0"

rc-slider@~10.0.0:
  version "10.0.1"
  resolved "https://registry.yarnpkg.com/rc-slider/-/rc-slider-10.0.1.tgz#7058c68ff1e1aa4e7c3536e5e10128bdbccb87f9"
  integrity sha512-igTKF3zBet7oS/3yNiIlmU8KnZ45npmrmHlUUio8PNbIhzMcsh+oE/r2UD42Y6YD2D/s+kzCQkzQrPD6RY435Q==
  dependencies:
    "@babel/runtime" "^7.10.1"
    classnames "^2.2.5"
    rc-util "^5.18.1"
    shallowequal "^1.1.0"

rc-steps@~4.1.0:
  version "4.1.4"
  resolved "https://registry.yarnpkg.com/rc-steps/-/rc-steps-4.1.4.tgz#0ba82db202d59ca52d0693dc9880dd145b19dc23"
  integrity sha512-qoCqKZWSpkh/b03ASGx1WhpKnuZcRWmvuW+ZUu4mvMdfvFzVxblTwUM+9aBd0mlEUFmt6GW8FXhMpHkK3Uzp3w==
  dependencies:
    "@babel/runtime" "^7.10.2"
    classnames "^2.2.3"
    rc-util "^5.0.1"

rc-switch@~3.2.0:
  version "3.2.2"
  resolved "https://registry.yarnpkg.com/rc-switch/-/rc-switch-3.2.2.tgz#d001f77f12664d52595b4f6fb425dd9e66fba8e8"
  integrity sha512-+gUJClsZZzvAHGy1vZfnwySxj+MjLlGRyXKXScrtCTcmiYNPzxDFOxdQ/3pK1Kt/0POvwJ/6ALOR8gwdXGhs+A==
  dependencies:
    "@babel/runtime" "^7.10.1"
    classnames "^2.2.1"
    rc-util "^5.0.1"

rc-table@~7.26.0:
  version "7.26.0"
  resolved "https://registry.yarnpkg.com/rc-table/-/rc-table-7.26.0.tgz#9d517e7fa512e7571fdcc453eb1bf19edfac6fbc"
  integrity sha512-0cD8e6S+DTGAt5nBZQIPFYEaIukn17sfa5uFL98faHlH/whZzD8ii3dbFL4wmUDEL4BLybhYop+QUfZJ4CPvNQ==
  dependencies:
    "@babel/runtime" "^7.10.1"
    classnames "^2.2.5"
    rc-resize-observer "^1.1.0"
    rc-util "^5.22.5"
    shallowequal "^1.1.0"

rc-tabs@~12.2.0:
  version "12.2.1"
  resolved "https://registry.yarnpkg.com/rc-tabs/-/rc-tabs-12.2.1.tgz#1dd9b2a61f57a06780ac1929686a2840d4da0e82"
  integrity sha512-09pVv4kN8VFqp6THceEmxOW8PAShQC08hrroeVYP4Y8YBFaP1PIWdyFL01czcbyz5YZFj9flZ7aljMaAl0jLVg==
  dependencies:
    "@babel/runtime" "^7.11.2"
    classnames "2.x"
    rc-dropdown "~4.0.0"
    rc-menu "~9.6.0"
    rc-motion "^2.6.2"
    rc-resize-observer "^1.0.0"
    rc-util "^5.5.0"

rc-textarea@^0.4.0, rc-textarea@~0.4.5:
  version "0.4.6"
  resolved "https://registry.yarnpkg.com/rc-textarea/-/rc-textarea-0.4.6.tgz#65a46c9bb45da65c2acb9b071551eb420f6568e4"
  integrity sha512-HEKCu8nouXXayqYelQnhQm8fdH7v92pAQvfVCz+jhIPv2PHTyBxVrmoZJMn3B8cU+wdyuvRGkshngO3/TzBn4w==
  dependencies:
    "@babel/runtime" "^7.10.1"
    classnames "^2.2.1"
    rc-resize-observer "^1.0.0"
    rc-util "^5.24.4"
    shallowequal "^1.1.0"

rc-tooltip@~5.2.0:
  version "5.2.2"
  resolved "https://registry.yarnpkg.com/rc-tooltip/-/rc-tooltip-5.2.2.tgz#e5cafa8ecebf78108936a0bcb93c150fa81ac93b"
  integrity sha512-jtQzU/18S6EI3lhSGoDYhPqNpWajMtS5VV/ld1LwyfrDByQpYmw/LW6U7oFXXLukjfDHQ7Ju705A82PRNFWYhg==
  dependencies:
    "@babel/runtime" "^7.11.2"
    classnames "^2.3.1"
    rc-trigger "^5.0.0"

rc-tree-select@~5.5.0:
  version "5.5.3"
  resolved "https://registry.yarnpkg.com/rc-tree-select/-/rc-tree-select-5.5.3.tgz#9c19f74b55a00f17e31a81cf04c834e63e6bee27"
  integrity sha512-gv8KyC6J7f9e50OkGk1ibF7v8vL+iaBnA8Ep/EVlMma2/tGdBQXO9xIvPjX8eQrZL5PjoeTUndNPM3cY3721ng==
  dependencies:
    "@babel/runtime" "^7.10.1"
    classnames "2.x"
    rc-select "~14.1.0"
    rc-tree "~5.7.0"
    rc-util "^5.16.1"

rc-tree@~5.7.0:
  version "5.7.0"
  resolved "https://registry.yarnpkg.com/rc-tree/-/rc-tree-5.7.0.tgz#d0e316eeeac2ba4a1c36b2b2201d84884f1c76a1"
  integrity sha512-F+Ewkv/UcutshnVBMISP+lPdHDlcsL+YH/MQDVWbk+QdkfID7vXiwrHMEZn31+2Rbbm21z/HPceGS8PXGMmnQg==
  dependencies:
    "@babel/runtime" "^7.10.1"
    classnames "2.x"
    rc-motion "^2.0.1"
    rc-util "^5.16.1"
    rc-virtual-list "^3.4.8"

rc-trigger@^5.0.0, rc-trigger@^5.0.4, rc-trigger@^5.1.2, rc-trigger@^5.2.10, rc-trigger@^5.3.1:
  version "5.3.3"
  resolved "https://registry.yarnpkg.com/rc-trigger/-/rc-trigger-5.3.3.tgz#166013df79e6a4ce64515391bd6d4f8386839761"
  integrity sha512-IC4nuTSAME7RJSgwvHCNDQrIzhvGMKf6NDu5veX+zk1MG7i1UnwTWWthcP9WHw3+FZfP3oZGvkrHFPu/EGkFKw==
  dependencies:
    "@babel/runtime" "^7.18.3"
    classnames "^2.2.6"
    rc-align "^4.0.0"
    rc-motion "^2.0.0"
    rc-util "^5.19.2"

rc-upload@~4.3.0:
  version "4.3.4"
  resolved "https://registry.yarnpkg.com/rc-upload/-/rc-upload-4.3.4.tgz#83ff7d3867631c37adbfd72ea3d1fd7e97ca84af"
  integrity sha512-uVbtHFGNjHG/RyAfm9fluXB6pvArAGyAx8z7XzXXyorEgVIWj6mOlriuDm0XowDHYz4ycNK0nE0oP3cbFnzxiQ==
  dependencies:
    "@babel/runtime" "^7.18.3"
    classnames "^2.2.5"
    rc-util "^5.2.0"

rc-util@^5.0.1, rc-util@^5.0.6, rc-util@^5.12.0, rc-util@^5.15.0, rc-util@^5.16.1, rc-util@^5.17.0, rc-util@^5.18.1, rc-util@^5.19.2, rc-util@^5.2.0, rc-util@^5.2.1, rc-util@^5.20.1, rc-util@^5.21.0, rc-util@^5.21.2, rc-util@^5.22.5, rc-util@^5.23.0, rc-util@^5.24.4, rc-util@^5.3.0, rc-util@^5.4.0, rc-util@^5.5.0, rc-util@^5.6.1, rc-util@^5.8.0, rc-util@^5.9.4:
  version "5.24.4"
  resolved "https://registry.yarnpkg.com/rc-util/-/rc-util-5.24.4.tgz#a4126f01358c86f17c1bf380a1d83d6c9155ae65"
  integrity sha512-2a4RQnycV9eV7lVZPEJ7QwJRPlZNc06J7CwcwZo4vIHr3PfUqtYgl1EkUV9ETAc6VRRi8XZOMFhYG63whlIC9Q==
  dependencies:
    "@babel/runtime" "^7.18.3"
    react-is "^16.12.0"
    shallowequal "^1.1.0"

rc-virtual-list@^3.2.0, rc-virtual-list@^3.4.8:
  version "3.4.10"
  resolved "https://registry.yarnpkg.com/rc-virtual-list/-/rc-virtual-list-3.4.10.tgz#80a7c47c91388334657e6948dbfd70c170dc7372"
  integrity sha512-Jv0cgJxJ+8F/YViW8WGs/jQF2rmT8RUcJ5uDJs5MOFLTYLAvCpM/xU+Zu6EpCun50fmovhXiItQctcfE2UY3Aw==
  dependencies:
    classnames "^2.2.6"
    rc-resize-observer "^1.0.0"
    rc-util "^5.15.0"

react-dom@18.2.0:
  version "18.2.0"
  resolved "https://registry.yarnpkg.com/react-dom/-/react-dom-18.2.0.tgz#22aaf38708db2674ed9ada224ca4aa708d821e3d"
  integrity sha512-6IMTriUmvsjHUjNtEDudZfuDQUoWXVxKHhlEGSk81n4YFS+r/Kl99wXiwlVXtPBtJenozv2P+hxDsw9eA7Xo6g==
  dependencies:
    loose-envify "^1.1.0"
    scheduler "^0.23.0"

react-is@^16.12.0:
  version "16.13.1"
  resolved "https://registry.yarnpkg.com/react-is/-/react-is-16.13.1.tgz#789729a4dc36de2999dc156dd6c1d9c18cea56a4"
  integrity sha512-24e6ynE2H+OKt4kqsOvNd8kBpV65zoxbA4BVsEOB3ARVWQki/DHzaUoC5KuON/BiccDaCCTZBuOcfZs70kR8bQ==

react@18.2.0:
  version "18.2.0"
  resolved "https://registry.yarnpkg.com/react/-/react-18.2.0.tgz#555bd98592883255fa00de14f1151a917b5d77d5"
  integrity sha512-/3IjMdb2L9QbBdWiW5e3P2/npwMBaU9mHCSCUzNln0ZCYbcfTsGbTJrU/kGemdH2IWmB2ioZ+zkxtmq6g09fGQ==
  dependencies:
    loose-envify "^1.1.0"

regenerator-runtime@^0.13.4:
  version "0.13.10"
  resolved "https://registry.yarnpkg.com/regenerator-runtime/-/regenerator-runtime-0.13.10.tgz#ed07b19616bcbec5da6274ebc75ae95634bfc2ee"
  integrity sha512-KepLsg4dU12hryUO7bp/axHAKvwGOCV0sGloQtpagJ12ai+ojVDqkeGSiRX1zlq+kjIMZ1t7gpze+26QqtdGqw==

resize-observer-polyfill@^1.5.1:
  version "1.5.1"
  resolved "https://registry.yarnpkg.com/resize-observer-polyfill/-/resize-observer-polyfill-1.5.1.tgz#0e9020dd3d21024458d4ebd27e23e40269810464"
  integrity sha512-LwZrotdHOo12nQuZlHEmtuXdqGoOD0OhaxopaNFxWzInpEgaLWoVuAMbTzixuosCx2nEG58ngzW3vxdWoxIgdg==

scheduler@^0.23.0:
  version "0.23.0"
  resolved "https://registry.yarnpkg.com/scheduler/-/scheduler-0.23.0.tgz#ba8041afc3d30eb206a487b6b384002e4e61fdfe"
  integrity sha512-CtuThmgHNg7zIZWAXi3AsyIzA3n4xx7aNyjwC2VJldO2LMVDhFK+63xGqq6CsJH4rTAt6/M+N4GhZiDYPx9eUw==
  dependencies:
    loose-envify "^1.1.0"

scroll-into-view-if-needed@^2.2.25:
  version "2.2.29"
  resolved "https://registry.yarnpkg.com/scroll-into-view-if-needed/-/scroll-into-view-if-needed-2.2.29.tgz#551791a84b7e2287706511f8c68161e4990ab885"
  integrity sha512-hxpAR6AN+Gh53AdAimHM6C8oTN1ppwVZITihix+WqalywBeFcQ6LdQP5ABNl26nX8GTEL7VT+b8lKpdqq65wXg==
  dependencies:
    compute-scroll-into-view "^1.0.17"

shallowequal@^1.1.0:
  version "1.1.0"
  resolved "https://registry.yarnpkg.com/shallowequal/-/shallowequal-1.1.0.tgz#188d521de95b9087404fd4dcb68b13df0ae4e7f8"
  integrity sha512-y0m1JoUZSlPAjXVtPPW70aZWfIL/dSP7AFkRnniLCrK/8MDKog3TySTBmckD+RObVxH0v4Tox67+F14PdED2oQ==

source-map-js@^1.0.2:
  version "1.0.2"
  resolved "https://registry.yarnpkg.com/source-map-js/-/source-map-js-1.0.2.tgz#adbc361d9c62df380125e7f161f71c826f1e490c"
  integrity sha512-R0XvVJ9WusLiqTCEiGCmICCMplcCkIwwR11mOSD9CR5u+IXYdiseeEuXCVAjS54zqwkLcPNnmU4OeJ6tUrWhDw==

string-convert@^0.2.0:
  version "0.2.1"
  resolved "https://registry.yarnpkg.com/string-convert/-/string-convert-0.2.1.tgz#6982cc3049fbb4cd85f8b24568b9d9bf39eeff97"
  integrity sha512-u/1tdPl4yQnPBjnVrmdLo9gtuLvELKsAoRapekWggdiQNvvvum+jYF329d84NAa660KQw7pB2n36KrIKVoXa3A==

styled-jsx@5.1.0:
  version "5.1.0"
  resolved "https://registry.yarnpkg.com/styled-jsx/-/styled-jsx-5.1.0.tgz#4a5622ab9714bd3fcfaeec292aa555871f057563"
  integrity sha512-/iHaRJt9U7T+5tp6TRelLnqBqiaIT0HsO0+vgyj8hK2KUk7aejFqRrumqPUlAqDwAj8IbS/1hk3IhBAAK/FCUQ==
  dependencies:
    client-only "0.0.1"

toggle-selection@^1.0.6:
  version "1.0.6"
  resolved "https://registry.yarnpkg.com/toggle-selection/-/toggle-selection-1.0.6.tgz#6e45b1263f2017fa0acc7d89d78b15b8bf77da32"
  integrity sha512-BiZS+C1OS8g/q2RRbJmy59xpyghNBqrr6k5L/uKBGRsTfxmu3ffiRnd8mlGPUVayg8pvfi5urfnu8TU7DVOkLQ==

tslib@^2.4.0:
  version "2.4.0"
  resolved "https://registry.yarnpkg.com/tslib/-/tslib-2.4.0.tgz#7cecaa7f073ce680a05847aa77be941098f36dc3"
  integrity sha512-d6xOpEDfsi2CZVlPQzGeux8XMwLT9hssAsaPYExaQMuYskwb+x1x7J371tWlbBdWHroy99KnVB6qIkUbs5X3UQ==

typescript@4.7.4:
  version "4.7.4"
  resolved "https://registry.yarnpkg.com/typescript/-/typescript-4.7.4.tgz#1a88596d1cf47d59507a1bcdfb5b9dfe4d488235"
  integrity sha512-C0WQT0gezHuw6AdY1M2jxUO83Rjf0HP7Sk1DtXj6j1EwkQNZrHAg2XPWlq62oqEhYvONq5pkC2Y9oPljWToLmQ==

use-sync-external-store@1.2.0:
  version "1.2.0"
  resolved "https://registry.yarnpkg.com/use-sync-external-store/-/use-sync-external-store-1.2.0.tgz#7dbefd6ef3fe4e767a0cf5d7287aacfb5846928a"
  integrity sha512-eEgnFxGQ1Ife9bzYs6VLi8/4X6CObHMw9Qr9tPY43iKwsPw8xE8+EFsf/2cFZ5S3esXgpWgtSCtLNS41F+sKPA==
